lockfileVersion: '9.0'

settings:
  autoInstallPeers: true
  excludeLinksFromLockfile: false

importers:

  .:
    dependencies:
      '@effect/ai':
        specifier: ^0.33.2
        version: 0.33.2(@effect/experimental@0.58.0(@effect/platform@0.94.2(effect@3.19.12))(effect@3.19.12))(@effect/platform@0.94.2(effect@3.19.12))(@effect/rpc@0.73.0(@effect/platform@0.94.2(effect@3.19.12))(effect@3.19.12))(effect@3.19.12)
      '@effect/ai-openai':
        specifier: ^0.37.2
        version: 0.37.2(@effect/ai@0.33.2(@effect/experimental@0.58.0(@effect/platform@0.94.2(effect@3.19.12))(effect@3.19.12))(@effect/platform@0.94.2(effect@3.19.12))(@effect/rpc@0.73.0(@effect/platform@0.94.2(effect@3.19.12))(effect@3.19.12))(effect@3.19.12))(@effect/experimental@0.58.0(@effect/platform@0.94.2(effect@3.19.12))(effect@3.19.12))(@effect/platform@0.94.2(effect@3.19.12))(effect@3.19.12)
      '@effect/experimental':
        specifier: ^0.58.0
        version: 0.58.0(@effect/platform@0.94.2(effect@3.19.12))(effect@3.19.12)
      '@effect/opentelemetry':
        specifier: ^0.61.0
        version: 0.61.0(@effect/platform@0.94.2(effect@3.19.12))(@opentelemetry/api@1.9.0)(@opentelemetry/resources@2.5.0(@opentelemetry/api@1.9.0))(@opentelemetry/sdk-logs@0.211.0(@opentelemetry/api@1.9.0))(@opentelemetry/sdk-metrics@2.5.0(@opentelemetry/api@1.9.0))(@opentelemetry/sdk-trace-base@2.5.0(@opentelemetry/api@1.9.0))(@opentelemetry/sdk-trace-node@2.5.0(@opentelemetry/api@1.9.0))(@opentelemetry/sdk-trace-web@2.5.0(@opentelemetry/api@1.9.0))(@opentelemetry/semantic-conventions@1.39.0)(effect@3.19.12)
      '@effect/platform-node':
        specifier: ^0.104.1
        version: 0.104.1(@effect/cluster@0.56.1(@effect/platform@0.94.2(effect@3.19.12))(@effect/rpc@0.73.0(@effect/platform@0.94.2(effect@3.19.12))(effect@3.19.12))(@effect/sql@0.49.0(@effect/experimental@0.58.0(@effect/platform@0.94.2(effect@3.19.12))(effect@3.19.12))(@effect/platform@0.94.2(effect@3.19.12))(effect@3.19.12))(@effect/workflow@0.16.0(@effect/experimental@0.58.0(@effect/platform@0.94.2(effect@3.19.12))(effect@3.19.12))(@effect/platform@0.94.2(effect@3.19.12))(@effect/rpc@0.73.0(@effect/platform@0.94.2(effect@3.19.12))(effect@3.19.12))(effect@3.19.12))(effect@3.19.12))(@effect/platform@0.94.2(effect@3.19.12))(@effect/rpc@0.73.0(@effect/platform@0.94.2(effect@3.19.12))(effect@3.19.12))(@effect/sql@0.49.0(@effect/experimental@0.58.0(@effect/platform@0.94.2(effect@3.19.12))(effect@3.19.12))(@effect/platform@0.94.2(effect@3.19.12))(effect@3.19.12))(effect@3.19.12)
      '@opentelemetry/api':
        specifier: ^1.9.0
        version: 1.9.0
      '@opentelemetry/exporter-trace-otlp-http':
        specifier: ^0.211.0
        version: 0.211.0(@opentelemetry/api@1.9.0)
      '@opentelemetry/sdk-metrics':
        specifier: ^2.5.0
        version: 2.5.0(@opentelemetry/api@1.9.0)
      '@opentelemetry/sdk-trace-base':
        specifier: ^2.5.0
        version: 2.5.0(@opentelemetry/api@1.9.0)
      '@opentelemetry/sdk-trace-node':
        specifier: ^2.5.0
        version: 2.5.0(@opentelemetry/api@1.9.0)
      '@opentelemetry/sdk-trace-web':
        specifier: ^2.5.0
        version: 2.5.0(@opentelemetry/api@1.9.0)
      date-fns:
        specifier: ^4.1.0
        version: 4.1.0
      effect:
        specifier: ^3.19.12
        version: 3.19.12
      email-normalizer:
        specifier: ^1.0.0
        version: 1.0.0
      libphonenumber-js:
        specifier: ^1.12.40
        version: 1.12.40
      normalize-url:
        specifier: ^9.0.0
        version: 9.0.0
      openai:
        specifier: ^6.17.0
        version: 6.17.0(ws@8.19.0)
      valid-url:
        specifier: ^1.0.9
        version: 1.0.9
    devDependencies:
      '@types/valid-url':
        specifier: ^1.0.7
        version: 1.0.7
      tsx:
        specifier: ^4.21.0
        version: 4.21.0
      typescript:
        specifier: ^5.9.3
        version: 5.9.3

packages:

  '@effect/ai-openai@0.37.2':
    resolution: {integrity: sha512-1yTkFdJVexcraIF5ChGBOiXyjOeluti1g9AMPFBzo5ZWZWirbWs6t17dn7SamG6RYbXwRPicVA9vGAXmxgzrsQ==}
    peerDependencies:
      '@effect/ai': ^0.33.2
      '@effect/experimental': ^0.58.0
      '@effect/platform': ^0.94.1
      effect: ^3.19.14

  '@effect/ai@0.33.2':
    resolution: {integrity: sha512-iJ6pz9qiKFXhcnriJJSBQ5+Bz3oEg+6hVQ7OPmmTa0dVkKUPIgX9nHqHfstcwLnDfdXBj/zCl79U+iMpGtQBnA==}
    peerDependencies:
      '@effect/experimental': ^0.58.0
      '@effect/platform': ^0.94.1
      '@effect/rpc': ^0.73.0
      effect: ^3.19.14

  '@effect/cluster@0.56.1':
    resolution: {integrity: sha512-gnrsH6kfrUjn+82j/bw1IR4yFqJqV8tc7xZvrbJPRgzANycc6K1hu3LMg548uYbUkTzD8YYyqrSatMO1mkQpzw==}
    peerDependencies:
      '@effect/platform': ^0.94.1
      '@effect/rpc': ^0.73.0
      '@effect/sql': ^0.49.0
      '@effect/workflow': ^0.16.0
      effect: ^3.19.14

  '@effect/experimental@0.58.0':
    resolution: {integrity: sha512-IEP9sapjF6rFy5TkoqDPc86st/fnqUfjT7Xa3pWJrFGr1hzaMXHo+mWsYOZS9LAOVKnpHuVziDK97EP5qsCHVA==}
    peerDependencies:
      '@effect/platform': ^0.94.0
      effect: ^3.19.13
      ioredis: ^5
      lmdb: ^3
    peerDependenciesMeta:
      ioredis:
        optional: true
      lmdb:
        optional: true

  '@effect/opentelemetry@0.61.0':
    resolution: {integrity: sha512-aTg4qWzMxGDoUZKSyws/dMZqVNoSCQIvHaPDJnWitUAVuWDAPOXiaiHJDWO39cwDlySBTCSF6rEanm3+nR/2Mg==}
    peerDependencies:
      '@effect/platform': ^0.94.2
      '@opentelemetry/api': ^1.9
      '@opentelemetry/resources': ^2.0.0
      '@opentelemetry/sdk-logs': '>=0.203.0 <0.300.0'
      '@opentelemetry/sdk-metrics': ^2.0.0
      '@opentelemetry/sdk-trace-base': ^2.0.0
      '@opentelemetry/sdk-trace-node': ^2.0.0
      '@opentelemetry/sdk-trace-web': ^2.0.0
      '@opentelemetry/semantic-conventions': ^1.33.0
      effect: ^3.19.15

  '@effect/platform-node-shared@0.57.1':
    resolution: {integrity: sha512-oX/bApMdoKsyrDiNdJxo7U9Rz1RXsjRv+ecfAPp1qGlSdGIo32wVRvJ2XCHqYj0sqaYJS0pU0/GCulRfVGuJag==}
    peerDependencies:
      '@effect/cluster': ^0.56.1
      '@effect/platform': ^0.94.2
      '@effect/rpc': ^0.73.0
      '@effect/sql': ^0.49.0
      effect: ^3.19.15

  '@effect/platform-node@0.104.1':
    resolution: {integrity: sha512-jT1a/z98niK6fnEU8pWHPPCdJMVDRCIdB65lolcOjse5rsTwVbczMjvKkhVQpF63mNWoOnol7OTRNkw5L54llg==}
    peerDependencies:
      '@effect/cluster': ^0.56.1
      '@effect/platform': ^0.94.2
      '@effect/rpc': ^0.73.0
      '@effect/sql': ^0.49.0
      effect: ^3.19.15

  '@effect/platform@0.94.2':
    resolution: {integrity: sha512-85vdwpnK4oH/rJ3EuX/Gi2Hkt+K4HvXWr9bxCuqvty9hxyEcRxkJcqTesYrcVoQB6aULb1Za2B0MKoTbvffB3Q==}
    peerDependencies:
      effect: ^3.19.15

  '@effect/rpc@0.73.0':
    resolution: {integrity: sha512-iMPf6tTriz8sK0l5x4koFId8Hz5nFptHYg8WqyjHGIIVLTpZxuiSqhmXZG7FnAs5N2n6uCEws4wWGcIgXNUrFg==}
    peerDependencies:
      '@effect/platform': ^0.94.0
      effect: ^3.19.13

  '@effect/sql@0.49.0':
    resolution: {integrity: sha512-9UEKR+z+MrI/qMAmSvb/RiD9KlgIazjZUCDSpwNgm0lEK9/Q6ExEyfziiYFVCPiptp52cBw8uBHRic8hHnwqXA==}
    peerDependencies:
      '@effect/experimental': ^0.58.0
      '@effect/platform': ^0.94.0
      effect: ^3.19.13

  '@effect/workflow@0.16.0':
    resolution: {integrity: sha512-MiAdlxx3TixkgHdbw+Yf1Z3tHAAE0rOQga12kIydJqj05Fnod+W/I+kQGRMY/XWRg+QUsVxhmh1qTr7Ype6lrw==}
    peerDependencies:
      '@effect/experimental': ^0.58.0
      '@effect/platform': ^0.94.0
      '@effect/rpc': ^0.73.0
      effect: ^3.19.13

  '@esbuild/aix-ppc64@0.27.2':
    resolution: {integrity: sha512-GZMB+a0mOMZs4MpDbj8RJp4cw+w1WV5NYD6xzgvzUJ5Ek2jerwfO2eADyI6ExDSUED+1X8aMbegahsJi+8mgpw==}
    engines: {node: '>=18'}
    cpu: [ppc64]
    os: [aix]

  '@esbuild/android-arm64@0.27.2':
    resolution: {integrity: sha512-pvz8ZZ7ot/RBphf8fv60ljmaoydPU12VuXHImtAs0XhLLw+EXBi2BLe3OYSBslR4rryHvweW5gmkKFwTiFy6KA==}
    engines: {node: '>=18'}
    cpu: [arm64]
    os: [android]

  '@esbuild/android-arm@0.27.2':
    resolution: {integrity: sha512-DVNI8jlPa7Ujbr1yjU2PfUSRtAUZPG9I1RwW4F4xFB1Imiu2on0ADiI/c3td+KmDtVKNbi+nffGDQMfcIMkwIA==}
    engines: {node: '>=18'}
    cpu: [arm]
    os: [android]

  '@esbuild/android-x64@0.27.2':
    resolution: {integrity: sha512-z8Ank4Byh4TJJOh4wpz8g2vDy75zFL0TlZlkUkEwYXuPSgX8yzep596n6mT7905kA9uHZsf/o2OJZubl2l3M7A==}
    engines: {node: '>=18'}
    cpu: [x64]
    os: [android]

  '@esbuild/darwin-arm64@0.27.2':
    resolution: {integrity: sha512-davCD2Zc80nzDVRwXTcQP/28fiJbcOwvdolL0sOiOsbwBa72kegmVU0Wrh1MYrbuCL98Omp5dVhQFWRKR2ZAlg==}
    engines: {node: '>=18'}
    cpu: [arm64]
    os: [darwin]

  '@esbuild/darwin-x64@0.27.2':
    resolution: {integrity: sha512-ZxtijOmlQCBWGwbVmwOF/UCzuGIbUkqB1faQRf5akQmxRJ1ujusWsb3CVfk/9iZKr2L5SMU5wPBi1UWbvL+VQA==}
    engines: {node: '>=18'}
    cpu: [x64]
    os: [darwin]

  '@esbuild/freebsd-arm64@0.27.2':
    resolution: {integrity: sha512-lS/9CN+rgqQ9czogxlMcBMGd+l8Q3Nj1MFQwBZJyoEKI50XGxwuzznYdwcav6lpOGv5BqaZXqvBSiB/kJ5op+g==}
    engines: {node: '>=18'}
    cpu: [arm64]
    os: [freebsd]

  '@esbuild/freebsd-x64@0.27.2':
    resolution: {integrity: sha512-tAfqtNYb4YgPnJlEFu4c212HYjQWSO/w/h/lQaBK7RbwGIkBOuNKQI9tqWzx7Wtp7bTPaGC6MJvWI608P3wXYA==}
    engines: {node: '>=18'}
    cpu: [x64]
    os: [freebsd]

  '@esbuild/linux-arm64@0.27.2':
    resolution: {integrity: sha512-hYxN8pr66NsCCiRFkHUAsxylNOcAQaxSSkHMMjcpx0si13t1LHFphxJZUiGwojB1a/Hd5OiPIqDdXONia6bhTw==}
    engines: {node: '>=18'}
    cpu: [arm64]
    os: [linux]

  '@esbuild/linux-arm@0.27.2':
    resolution: {integrity: sha512-vWfq4GaIMP9AIe4yj1ZUW18RDhx6EPQKjwe7n8BbIecFtCQG4CfHGaHuh7fdfq+y3LIA2vGS/o9ZBGVxIDi9hw==}
    engines: {node: '>=18'}
    cpu: [arm]
    os: [linux]

  '@esbuild/linux-ia32@0.27.2':
    resolution: {integrity: sha512-MJt5BRRSScPDwG2hLelYhAAKh9imjHK5+NE/tvnRLbIqUWa+0E9N4WNMjmp/kXXPHZGqPLxggwVhz7QP8CTR8w==}
    engines: {node: '>=18'}
    cpu: [ia32]
    os: [linux]

  '@esbuild/linux-loong64@0.27.2':
    resolution: {integrity: sha512-lugyF1atnAT463aO6KPshVCJK5NgRnU4yb3FUumyVz+cGvZbontBgzeGFO1nF+dPueHD367a2ZXe1NtUkAjOtg==}
    engines: {node: '>=18'}
    cpu: [loong64]
    os: [linux]

  '@esbuild/linux-mips64el@0.27.2':
    resolution: {integrity: sha512-nlP2I6ArEBewvJ2gjrrkESEZkB5mIoaTswuqNFRv/WYd+ATtUpe9Y09RnJvgvdag7he0OWgEZWhviS1OTOKixw==}
    engines: {node: '>=18'}
    cpu: [mips64el]
    os: [linux]

  '@esbuild/linux-ppc64@0.27.2':
    resolution: {integrity: sha512-C92gnpey7tUQONqg1n6dKVbx3vphKtTHJaNG2Ok9lGwbZil6DrfyecMsp9CrmXGQJmZ7iiVXvvZH6Ml5hL6XdQ==}
    engines: {node: '>=18'}
    cpu: [ppc64]
    os: [linux]

  '@esbuild/linux-riscv64@0.27.2':
    resolution: {integrity: sha512-B5BOmojNtUyN8AXlK0QJyvjEZkWwy/FKvakkTDCziX95AowLZKR6aCDhG7LeF7uMCXEJqwa8Bejz5LTPYm8AvA==}
    engines: {node: '>=18'}
    cpu: [riscv64]
    os: [linux]

  '@esbuild/linux-s390x@0.27.2':
    resolution: {integrity: sha512-p4bm9+wsPwup5Z8f4EpfN63qNagQ47Ua2znaqGH6bqLlmJ4bx97Y9JdqxgGZ6Y8xVTixUnEkoKSHcpRlDnNr5w==}
    engines: {node: '>=18'}
    cpu: [s390x]
    os: [linux]

  '@esbuild/linux-x64@0.27.2':
    resolution: {integrity: sha512-uwp2Tip5aPmH+NRUwTcfLb+W32WXjpFejTIOWZFw/v7/KnpCDKG66u4DLcurQpiYTiYwQ9B7KOeMJvLCu/OvbA==}
    engines: {node: '>=18'}
    cpu: [x64]
    os: [linux]

  '@esbuild/netbsd-arm64@0.27.2':
    resolution: {integrity: sha512-Kj6DiBlwXrPsCRDeRvGAUb/LNrBASrfqAIok+xB0LxK8CHqxZ037viF13ugfsIpePH93mX7xfJp97cyDuTZ3cw==}
    engines: {node: '>=18'}
    cpu: [arm64]
    os: [netbsd]

  '@esbuild/netbsd-x64@0.27.2':
    resolution: {integrity: sha512-HwGDZ0VLVBY3Y+Nw0JexZy9o/nUAWq9MlV7cahpaXKW6TOzfVno3y3/M8Ga8u8Yr7GldLOov27xiCnqRZf0tCA==}
    engines: {node: '>=18'}
    cpu: [x64]
    os: [netbsd]

  '@esbuild/openbsd-arm64@0.27.2':
    resolution: {integrity: sha512-DNIHH2BPQ5551A7oSHD0CKbwIA/Ox7+78/AWkbS5QoRzaqlev2uFayfSxq68EkonB+IKjiuxBFoV8ESJy8bOHA==}
    engines: {node: '>=18'}
    cpu: [arm64]
    os: [openbsd]

  '@esbuild/openbsd-x64@0.27.2':
    resolution: {integrity: sha512-/it7w9Nb7+0KFIzjalNJVR5bOzA9Vay+yIPLVHfIQYG/j+j9VTH84aNB8ExGKPU4AzfaEvN9/V4HV+F+vo8OEg==}
    engines: {node: '>=18'}
    cpu: [x64]
    os: [openbsd]

  '@esbuild/openharmony-arm64@0.27.2':
    resolution: {integrity: sha512-LRBbCmiU51IXfeXk59csuX/aSaToeG7w48nMwA6049Y4J4+VbWALAuXcs+qcD04rHDuSCSRKdmY63sruDS5qag==}
    engines: {node: '>=18'}
    cpu: [arm64]
    os: [openharmony]

  '@esbuild/sunos-x64@0.27.2':
    resolution: {integrity: sha512-kMtx1yqJHTmqaqHPAzKCAkDaKsffmXkPHThSfRwZGyuqyIeBvf08KSsYXl+abf5HDAPMJIPnbBfXvP2ZC2TfHg==}
    engines: {node: '>=18'}
    cpu: [x64]
    os: [sunos]

  '@esbuild/win32-arm64@0.27.2':
    resolution: {integrity: sha512-Yaf78O/B3Kkh+nKABUF++bvJv5Ijoy9AN1ww904rOXZFLWVc5OLOfL56W+C8F9xn5JQZa3UX6m+IktJnIb1Jjg==}
    engines: {node: '>=18'}
    cpu: [arm64]
    os: [win32]

  '@esbuild/win32-ia32@0.27.2':
    resolution: {integrity: sha512-Iuws0kxo4yusk7sw70Xa2E2imZU5HoixzxfGCdxwBdhiDgt9vX9VUCBhqcwY7/uh//78A1hMkkROMJq9l27oLQ==}
    engines: {node: '>=18'}
    cpu: [ia32]
    os: [win32]

  '@esbuild/win32-x64@0.27.2':
    resolution: {integrity: sha512-sRdU18mcKf7F+YgheI/zGf5alZatMUTKj/jNS6l744f9u3WFu4v7twcUI9vu4mknF4Y9aDlblIie0IM+5xxaqQ==}
    engines: {node: '>=18'}
    cpu: [x64]
    os: [win32]

  '@msgpackr-extract/msgpackr-extract-darwin-arm64@3.0.3':
    resolution: {integrity: sha512-QZHtlVgbAdy2zAqNA9Gu1UpIuI8Xvsd1v8ic6B2pZmeFnFcMWiPLfWXh7TVw4eGEZ/C9TH281KwhVoeQUKbyjw==}
    cpu: [arm64]
    os: [darwin]

  '@msgpackr-extract/msgpackr-extract-darwin-x64@3.0.3':
    resolution: {integrity: sha512-mdzd3AVzYKuUmiWOQ8GNhl64/IoFGol569zNRdkLReh6LRLHOXxU4U8eq0JwaD8iFHdVGqSy4IjFL4reoWCDFw==}
    cpu: [x64]
    os: [darwin]

  '@msgpackr-extract/msgpackr-extract-linux-arm64@3.0.3':
    resolution: {integrity: sha512-YxQL+ax0XqBJDZiKimS2XQaf+2wDGVa1enVRGzEvLLVFeqa5kx2bWbtcSXgsxjQB7nRqqIGFIcLteF/sHeVtQg==}
    cpu: [arm64]
    os: [linux]

  '@msgpackr-extract/msgpackr-extract-linux-arm@3.0.3':
    resolution: {integrity: sha512-fg0uy/dG/nZEXfYilKoRe7yALaNmHoYeIoJuJ7KJ+YyU2bvY8vPv27f7UKhGRpY6euFYqEVhxCFZgAUNQBM3nw==}
    cpu: [arm]
    os: [linux]

  '@msgpackr-extract/msgpackr-extract-linux-x64@3.0.3':
    resolution: {integrity: sha512-cvwNfbP07pKUfq1uH+S6KJ7dT9K8WOE4ZiAcsrSes+UY55E/0jLYc+vq+DO7jlmqRb5zAggExKm0H7O/CBaesg==}
    cpu: [x64]
    os: [linux]

  '@msgpackr-extract/msgpackr-extract-win32-x64@3.0.3':
    resolution: {integrity: sha512-x0fWaQtYp4E6sktbsdAqnehxDgEc/VwM7uLsRCYWaiGu0ykYdZPiS8zCWdnjHwyiumousxfBm4SO31eXqwEZhQ==}
    cpu: [x64]
    os: [win32]

  '@opentelemetry/api-logs@0.211.0':
    resolution: {integrity: sha512-swFdZq8MCdmdR22jTVGQDhwqDzcI4M10nhjXkLr1EsIzXgZBqm4ZlmmcWsg3TSNf+3mzgOiqveXmBLZuDi2Lgg==}
    engines: {node: '>=8.0.0'}

  '@opentelemetry/api@1.9.0':
    resolution: {integrity: sha512-3giAOQvZiH5F9bMlMiv8+GSPMeqg0dbaeo58/0SlA9sxSqZhnUtxzX9/2FzyhS9sWQf5S0GJE0AKBrFqjpeYcg==}
    engines: {node: '>=8.0.0'}

  '@opentelemetry/context-async-hooks@2.5.0':
    resolution: {integrity: sha512-uOXpVX0ZjO7heSVjhheW2XEPrhQAWr2BScDPoZ9UDycl5iuHG+Usyc3AIfG6kZeC1GyLpMInpQ6X5+9n69yOFw==}
    engines: {node: ^18.19.0 || >=20.6.0}
    peerDependencies:
      '@opentelemetry/api': '>=1.0.0 <1.10.0'

  '@opentelemetry/core@2.5.0':
    resolution: {integrity: sha512-ka4H8OM6+DlUhSAZpONu0cPBtPPTQKxbxVzC4CzVx5+K4JnroJVBtDzLAMx4/3CDTJXRvVFhpFjtl4SaiTNoyQ==}
    engines: {node: ^18.19.0 || >=20.6.0}
    peerDependencies:
      '@opentelemetry/api': '>=1.0.0 <1.10.0'

  '@opentelemetry/exporter-trace-otlp-http@0.211.0':
    resolution: {integrity: sha512-F1Rv3JeMkgS//xdVjbQMrI3+26e5SXC7vXA6trx8SWEA0OUhw4JHB+qeHtH0fJn46eFItrYbL5m8j4qi9Sfaxw==}
    engines: {node: ^18.19.0 || >=20.6.0}
    peerDependencies:
      '@opentelemetry/api': ^1.3.0

  '@opentelemetry/otlp-exporter-base@0.211.0':
    resolution: {integrity: sha512-bp1+63V8WPV+bRI9EQG6E9YID1LIHYSZVbp7f+44g9tRzCq+rtw/o4fpL5PC31adcUsFiz/oN0MdLISSrZDdrg==}
    engines: {node: ^18.19.0 || >=20.6.0}
    peerDependencies:
      '@opentelemetry/api': ^1.3.0

  '@opentelemetry/otlp-transformer@0.211.0':
    resolution: {integrity: sha512-julhCJ9dXwkOg9svuuYqqjXLhVaUgyUvO2hWbTxwjvLXX2rG3VtAaB0SzxMnGTuoCZizBT7Xqqm2V7+ggrfCXA==}
    engines: {node: ^18.19.0 || >=20.6.0}
    peerDependencies:
      '@opentelemetry/api': ^1.3.0

  '@opentelemetry/resources@2.5.0':
    resolution: {integrity: sha512-F8W52ApePshpoSrfsSk1H2yJn9aKjCrbpQF1M9Qii0GHzbfVeFUB+rc3X4aggyZD8x9Gu3Slua+s6krmq6Dt8g==}
    engines: {node: ^18.19.0 || >=20.6.0}
    peerDependencies:
      '@opentelemetry/api': '>=1.3.0 <1.10.0'

  '@opentelemetry/sdk-logs@0.211.0':
    resolution: {integrity: sha512-O5nPwzgg2JHzo59kpQTPUOTzFi0Nv5LxryG27QoXBciX3zWM3z83g+SNOHhiQVYRWFSxoWn1JM2TGD5iNjOwdA==}
    engines: {node: ^18.19.0 || >=20.6.0}
    peerDependencies:
      '@opentelemetry/api': '>=1.4.0 <1.10.0'

  '@opentelemetry/sdk-metrics@2.5.0':
    resolution: {integrity: sha512-BeJLtU+f5Gf905cJX9vXFQorAr6TAfK3SPvTFqP+scfIpDQEJfRaGJWta7sJgP+m4dNtBf9y3yvBKVAZZtJQVA==}
    engines: {node: ^18.19.0 || >=20.6.0}
    peerDependencies:
      '@opentelemetry/api': '>=1.9.0 <1.10.0'

  '@opentelemetry/sdk-trace-base@2.5.0':
    resolution: {integrity: sha512-VzRf8LzotASEyNDUxTdaJ9IRJ1/h692WyArDBInf5puLCjxbICD6XkHgpuudis56EndyS7LYFmtTMny6UABNdQ==}
    engines: {node: ^18.19.0 || >=20.6.0}
    peerDependencies:
      '@opentelemetry/api': '>=1.3.0 <1.10.0'

  '@opentelemetry/sdk-trace-node@2.5.0':
    resolution: {integrity: sha512-O6N/ejzburFm2C84aKNrwJVPpt6HSTSq8T0ZUMq3xT2XmqT4cwxUItcL5UWGThYuq8RTcbH8u1sfj6dmRci0Ow==}
    engines: {node: ^18.19.0 || >=20.6.0}
    peerDependencies:
      '@opentelemetry/api': '>=1.0.0 <1.10.0'

  '@opentelemetry/sdk-trace-web@2.5.0':
    resolution: {integrity: sha512-xWibakHs+xbx6vxH7Q8TbFS6zjf812o/kIS4xBDB32qSL9wF+Z5IZl2ZAGu4rtmPBQ7coZcOd684DobMhf8dKw==}
    engines: {node: ^18.19.0 || >=20.6.0}
    peerDependencies:
      '@opentelemetry/api': '>=1.0.0 <1.10.0'

  '@opentelemetry/semantic-conventions@1.39.0':
    resolution: {integrity: sha512-R5R9tb2AXs2IRLNKLBJDynhkfmx7mX0vi8NkhZb3gUkPWHn6HXk5J8iQ/dql0U3ApfWym4kXXmBDRGO+oeOfjg==}
    engines: {node: '>=14'}

  '@parcel/watcher-android-arm64@2.5.6':
    resolution: {integrity: sha512-YQxSS34tPF/6ZG7r/Ih9xy+kP/WwediEUsqmtf0cuCV5TPPKw/PQHRhueUo6JdeFJaqV3pyjm0GdYjZotbRt/A==}
    engines: {node: '>= 10.0.0'}
    cpu: [arm64]
    os: [android]

  '@parcel/watcher-darwin-arm64@2.5.6':
    resolution: {integrity: sha512-Z2ZdrnwyXvvvdtRHLmM4knydIdU9adO3D4n/0cVipF3rRiwP+3/sfzpAwA/qKFL6i1ModaabkU7IbpeMBgiVEA==}
    engines: {node: '>= 10.0.0'}
    cpu: [arm64]
    os: [darwin]

  '@parcel/watcher-darwin-x64@2.5.6':
    resolution: {integrity: sha512-HgvOf3W9dhithcwOWX9uDZyn1lW9R+7tPZ4sug+NGrGIo4Rk1hAXLEbcH1TQSqxts0NYXXlOWqVpvS1SFS4fRg==}
    engines: {node: '>= 10.0.0'}
    cpu: [x64]
    os: [darwin]

  '@parcel/watcher-freebsd-x64@2.5.6':
    resolution: {integrity: sha512-vJVi8yd/qzJxEKHkeemh7w3YAn6RJCtYlE4HPMoVnCpIXEzSrxErBW5SJBgKLbXU3WdIpkjBTeUNtyBVn8TRng==}
    engines: {node: '>= 10.0.0'}
    cpu: [x64]
    os: [freebsd]

  '@parcel/watcher-linux-arm-glibc@2.5.6':
    resolution: {integrity: sha512-9JiYfB6h6BgV50CCfasfLf/uvOcJskMSwcdH1PHH9rvS1IrNy8zad6IUVPVUfmXr+u+Km9IxcfMLzgdOudz9EQ==}
    engines: {node: '>= 10.0.0'}
    cpu: [arm]
    os: [linux]

  '@parcel/watcher-linux-arm-musl@2.5.6':
    resolution: {integrity: sha512-Ve3gUCG57nuUUSyjBq/MAM0CzArtuIOxsBdQ+ftz6ho8n7s1i9E1Nmk/xmP323r2YL0SONs1EuwqBp2u1k5fxg==}
    engines: {node: '>= 10.0.0'}
    cpu: [arm]
    os: [linux]

  '@parcel/watcher-linux-arm64-glibc@2.5.6':
    resolution: {integrity: sha512-f2g/DT3NhGPdBmMWYoxixqYr3v/UXcmLOYy16Bx0TM20Tchduwr4EaCbmxh1321TABqPGDpS8D/ggOTaljijOA==}
    engines: {node: '>= 10.0.0'}
    cpu: [arm64]
    os: [linux]

  '@parcel/watcher-linux-arm64-musl@2.5.6':
    resolution: {integrity: sha512-qb6naMDGlbCwdhLj6hgoVKJl2odL34z2sqkC7Z6kzir8b5W65WYDpLB6R06KabvZdgoHI/zxke4b3zR0wAbDTA==}
    engines: {node: '>= 10.0.0'}
    cpu: [arm64]
    os: [linux]

  '@parcel/watcher-linux-x64-glibc@2.5.6':
    resolution: {integrity: sha512-kbT5wvNQlx7NaGjzPFu8nVIW1rWqV780O7ZtkjuWaPUgpv2NMFpjYERVi0UYj1msZNyCzGlaCWEtzc+exjMGbQ==}
    engines: {node: '>= 10.0.0'}
    cpu: [x64]
    os: [linux]

  '@parcel/watcher-linux-x64-musl@2.5.6':
    resolution: {integrity: sha512-1JRFeC+h7RdXwldHzTsmdtYR/Ku8SylLgTU/reMuqdVD7CtLwf0VR1FqeprZ0eHQkO0vqsbvFLXUmYm/uNKJBg==}
    engines: {node: '>= 10.0.0'}
    cpu: [x64]
    os: [linux]

  '@parcel/watcher-win32-arm64@2.5.6':
    resolution: {integrity: sha512-3ukyebjc6eGlw9yRt678DxVF7rjXatWiHvTXqphZLvo7aC5NdEgFufVwjFfY51ijYEWpXbqF5jtrK275z52D4Q==}
    engines: {node: '>= 10.0.0'}
    cpu: [arm64]
    os: [win32]

  '@parcel/watcher-win32-ia32@2.5.6':
    resolution: {integrity: sha512-k35yLp1ZMwwee3Ez/pxBi5cf4AoBKYXj00CZ80jUz5h8prpiaQsiRPKQMxoLstNuqe2vR4RNPEAEcjEFzhEz/g==}
    engines: {node: '>= 10.0.0'}
    cpu: [ia32]
    os: [win32]

  '@parcel/watcher-win32-x64@2.5.6':
    resolution: {integrity: sha512-hbQlYcCq5dlAX9Qx+kFb0FHue6vbjlf0FrNzSKdYK2APUf7tGfGxQCk2ihEREmbR6ZMc0MVAD5RIX/41gpUzTw==}
    engines: {node: '>= 10.0.0'}
    cpu: [x64]
    os: [win32]

  '@parcel/watcher@2.5.6':
    resolution: {integrity: sha512-tmmZ3lQxAe/k/+rNnXQRawJ4NjxO2hqiOLTHvWchtGZULp4RyFeh6aU4XdOYBFe2KE1oShQTv4AblOs2iOrNnQ==}
    engines: {node: '>= 10.0.0'}

  '@protobufjs/aspromise@1.1.2':
    resolution: {integrity: sha512-j+gKExEuLmKwvz3OgROXtrJ2UG2x8Ch2YZUxahh+s1F2HZ+wAceUNLkvy6zKCPVRkU++ZWQrdxsUeQXmcg4uoQ==}

  '@protobufjs/base64@1.1.2':
    resolution: {integrity: sha512-AZkcAA5vnN/v4PDqKyMR5lx7hZttPDgClv83E//FMNhR2TMcLUhfRUBHCmSl0oi9zMgDDqRUJkSxO3wm85+XLg==}

  '@protobufjs/codegen@2.0.4':
    resolution: {integrity: sha512-YyFaikqM5sH0ziFZCN3xDC7zeGaB/d0IUb9CATugHWbd1FRFwWwt4ld4OYMPWu5a3Xe01mGAULCdqhMlPl29Jg==}

  '@protobufjs/eventemitter@1.1.0':
    resolution: {integrity: sha512-j9ednRT81vYJ9OfVuXG6ERSTdEL1xVsNgqpkxMsbIabzSo3goCjDIveeGv5d03om39ML71RdmrGNjG5SReBP/Q==}

  '@protobufjs/fetch@1.1.0':
    resolution: {integrity: sha512-lljVXpqXebpsijW71PZaCYeIcE5on1w5DlQy5WH6GLbFryLUrBD4932W/E2BSpfRJWseIL4v/KPgBFxDOIdKpQ==}

  '@protobufjs/float@1.0.2':
    resolution: {integrity: sha512-Ddb+kVXlXst9d+R9PfTIxh1EdNkgoRe5tOX6t01f1lYWOvJnSPDBlG241QLzcyPdoNTsblLUdujGSE4RzrTZGQ==}

  '@protobufjs/inquire@1.1.0':
    resolution: {integrity: sha512-kdSefcPdruJiFMVSbn801t4vFK7KB/5gd2fYvrxhuJYg8ILrmn9SKSX2tZdV6V+ksulWqS7aXjBcRXl3wHoD9Q==}

  '@protobufjs/path@1.1.2':
    resolution: {integrity: sha512-6JOcJ5Tm08dOHAbdR3GrvP+yUUfkjG5ePsHYczMFLq3ZmMkAD98cDgcT2iA1lJ9NVwFd4tH/iSSoe44YWkltEA==}

  '@protobufjs/pool@1.1.0':
    resolution: {integrity: sha512-0kELaGSIDBKvcgS4zkjz1PeddatrjYcmMWOlAuAPwAeccUrPHdUqo/J6LiymHHEiJT5NrF1UVwxY14f+fy4WQw==}

  '@protobufjs/utf8@1.1.0':
    resolution: {integrity: sha512-Vvn3zZrhQZkkBE8LSuW3em98c0FwgO4nxzv6OdSxPKJIEKY2bGbHn+mhGIPerzI4twdxaP8/0+06HBpwf345Lw==}

  '@standard-schema/spec@1.1.0':
    resolution: {integrity: sha512-l2aFy5jALhniG5HgqrD6jXLi/rUWrKvqN/qJx6yoJsgKhblVd+iqqU4RCXavm/jPityDo5TCvKMnpjKnOriy0w==}

  '@types/node@25.0.10':
    resolution: {integrity: sha512-zWW5KPngR/yvakJgGOmZ5vTBemDoSqF3AcV/LrO5u5wTWyEAVVh+IT39G4gtyAkh3CtTZs8aX/yRM82OfzHJRg==}

  '@types/valid-url@1.0.7':
    resolution: {integrity: sha512-tgsWVG80dM5PVEBSbXUttPJTBCOo0IKbBh4R4z/SHsC5C81A3aaUH4fsbj+JYk7fopApU/Mao1c0EWTE592TSg==}

  date-fns@4.1.0:
    resolution: {integrity: sha512-Ukq0owbQXxa/U3EGtsdVBkR1w7KOQ5gIBqdH2hkvknzZPYvBxb/aa6E8L7tmjFtkwZBu3UXBbjIgPo/Ez4xaNg==}

  detect-libc@2.1.2:
    resolution: {integrity: sha512-Btj2BOOO83o3WyH59e8MgXsxEQVcarkUOpEYrubB0urwnN10yQ364rsiByU11nZlqWYZm05i/of7io4mzihBtQ==}
    engines: {node: '>=8'}

  effect@3.19.12:
    resolution: {integrity: sha512-7F9RGTrCTC3D7nh9Zw+3VlJWwZgo5k33KA+476BAaD0rKIXKZsY/jQ+ipyhR/Avo239Fi6GqAVFs1mqM1IJ7yg==}

  email-normalizer@1.0.0:
    resolution: {integrity: sha512-wZYuuMtL4kUOmg/TPtCrf9hAZjbFq+FcjWA85Z5nr2lGllRnWJPxCJw3gy4Cx+adMoyVw4VJfGGvt/OHgIW+qg==}

  esbuild@0.27.2:
    resolution: {integrity: sha512-HyNQImnsOC7X9PMNaCIeAm4ISCQXs5a5YasTXVliKv4uuBo1dKrG0A+uQS8M5eXjVMnLg3WgXaKvprHlFJQffw==}
    engines: {node: '>=18'}
    hasBin: true

  fast-check@3.23.2:
    resolution: {integrity: sha512-h5+1OzzfCC3Ef7VbtKdcv7zsstUQwUDlYpUTvjeUsJAssPgLn7QzbboPtL5ro04Mq0rPOsMzl7q5hIbRs2wD1A==}
    engines: {node: '>=8.0.0'}

  find-my-way-ts@0.1.6:
    resolution: {integrity: sha512-a85L9ZoXtNAey3Y6Z+eBWW658kO/MwR7zIafkIUPUMf3isZG0NCs2pjW2wtjxAKuJPxMAsHUIP4ZPGv0o5gyTA==}

  fsevents@2.3.3:
    resolution: {integrity: sha512-5xoDfX+fL7faATnagmWPpbFtwh/R77WmMMqqHGS65C3vvB0YHrgF+B1YmZ3441tMj5n63k0212XNoJwzlhffQw==}
    engines: {node: ^8.16.0 || ^10.6.0 || >=11.0.0}
    os: [darwin]

  get-tsconfig@4.13.0:
    resolution: {integrity: sha512-1VKTZJCwBrvbd+Wn3AOgQP/2Av+TfTCOlE4AcRJE72W1ksZXbAx8PPBR9RzgTeSPzlPMHrbANMH3LbltH73wxQ==}

  gpt-tokenizer@2.9.0:
    resolution: {integrity: sha512-YSpexBL/k4bfliAzMrRqn3M6+it02LutVyhVpDeMKrC/O9+pCe/5s8U2hYKa2vFLD5/vHhsKc8sOn/qGqII8Kg==}

  is-extglob@2.1.1:
    resolution: {integrity: sha512-SbKbANkN603Vi4jEZv49LeVJMn4yGwsbzZworEoyEiutsN3nJYdbO36zfhGJ6QEDpOZIFkDtnq5JRxmvl3jsoQ==}
    engines: {node: '>=0.10.0'}

  is-glob@4.0.3:
    resolution: {integrity: sha512-xelSayHH36ZgE7ZWhli7pW34hNbNl8Ojv5KVmkJD4hBdD3th8Tfk9vYasLM+mXWOZhFkgZfxhLSnrwRr4elSSg==}
    engines: {node: '>=0.10.0'}

  kubernetes-types@1.30.0:
    resolution: {integrity: sha512-Dew1okvhM/SQcIa2rcgujNndZwU8VnSapDgdxlYoB84ZlpAD43U6KLAFqYo17ykSFGHNPrg0qry0bP+GJd9v7Q==}

  libphonenumber-js@1.12.40:
    resolution: {integrity: sha512-HKGs7GowShNls3Zh+7DTr6wYpPk5jC78l508yQQY3e8ZgJChM3A9JZghmMJZuK+5bogSfuTafpjksGSR3aMIEg==}

  long@5.3.2:
    resolution: {integrity: sha512-mNAgZ1GmyNhD7AuqnTG3/VQ26o760+ZYBPKjPvugO8+nLbYfX6TVpJPseBvopbdY+qpZ/lKUnmEc1LeZYS3QAA==}

  mime@3.0.0:
    resolution: {integrity: sha512-jSCU7/VB1loIWBZe14aEYHU/+1UMEHoaO7qxCOVJOw9GgH72VAWppxNcjU+x9a2k3GSIBXNKxXQFqRvvZ7vr3A==}
    engines: {node: '>=10.0.0'}
    hasBin: true

  msgpackr-extract@3.0.3:
    resolution: {integrity: sha512-P0efT1C9jIdVRefqjzOQ9Xml57zpOXnIuS+csaB4MdZbTdmGDLo8XhzBG1N7aO11gKDDkJvBLULeFTo46wwreA==}
    hasBin: true

  msgpackr@1.11.8:
    resolution: {integrity: sha512-bC4UGzHhVvgDNS7kn9tV8fAucIYUBuGojcaLiz7v+P63Lmtm0Xeji8B/8tYKddALXxJLpwIeBmUN3u64C4YkRA==}

  multipasta@0.2.7:
    resolution: {integrity: sha512-KPA58d68KgGil15oDqXjkUBEBYc00XvbPj5/X+dyzeo/lWm9Nc25pQRlf1D+gv4OpK7NM0J1odrbu9JNNGvynA==}

  node-addon-api@7.1.1:
    resolution: {integrity: sha512-5m3bsyrjFWE1xf7nz7YXdN4udnVtXK6/Yfgn5qnahL6bCkf2yKt4k3nuTKAtT4r3IG8JNR2ncsIMdZuAzJjHQQ==}

  node-gyp-build-optional-packages@5.2.2:
    resolution: {integrity: sha512-s+w+rBWnpTMwSFbaE0UXsRlg7hU4FjekKU4eyAih5T8nJuNZT1nNsskXpxmeqSK9UzkBl6UgRlnKc8hz8IEqOw==}
    hasBin: true

  normalize-url@9.0.0:
    resolution: {integrity: sha512-z9nC87iaZXXySbWWtTHfCFJyFvKaUAW6lODhikG7ILSbVgmwuFjUqkgnheHvAUcGedO29e2QGBRXMUD64aurqQ==}
    engines: {node: '>=20'}

  openai@6.17.0:
    resolution: {integrity: sha512-NHRpPEUPzAvFOAFs9+9pC6+HCw/iWsYsKCMPXH5Kw7BpMxqd8g/A07/1o7Gx2TWtCnzevVRyKMRFqyiHyAlqcA==}
    hasBin: true
    peerDependencies:
      ws: ^8.18.0
      zod: ^3.25 || ^4.0
    peerDependenciesMeta:
      ws:
        optional: true
      zod:
        optional: true

  picomatch@4.0.3:
    resolution: {integrity: sha512-5gTmgEY/sqK6gFXLIsQNH19lWb4ebPDLA4SdLP7dsWkIXHWlG66oPuVvXSGFPppYZz8ZDZq0dYYrbHfBCVUb1Q==}
    engines: {node: '>=12'}

  protobufjs@8.0.0:
    resolution: {integrity: sha512-jx6+sE9h/UryaCZhsJWbJtTEy47yXoGNYI4z8ZaRncM0zBKeRqjO2JEcOUYwrYGb1WLhXM1FfMzW3annvFv0rw==}
    engines: {node: '>=12.0.0'}

  pure-rand@6.1.0:
    resolution: {integrity: sha512-bVWawvoZoBYpp6yIoQtQXHZjmz35RSVHnUOTefl8Vcjr8snTPY1wnpSPMWekcFwbxI6gtmT7rSYPFvz71ldiOA==}

  resolve-pkg-maps@1.0.0:
    resolution: {integrity: sha512-seS2Tj26TBVOC2NIc2rOe2y2ZO7efxITtLZcGSOnHHNOQ7CkiUBfw0Iw2ck6xkIhPwLhKNLS8BO+hEpngQlqzw==}

  tsx@4.21.0:
    resolution: {integrity: sha512-5C1sg4USs1lfG0GFb2RLXsdpXqBSEhAaA/0kPL01wxzpMqLILNxIxIOKiILz+cdg/pLnOUxFYOR5yhHU666wbw==}
    engines: {node: '>=18.0.0'}
    hasBin: true

  typescript@5.9.3:
    resolution: {integrity: sha512-jl1vZzPDinLr9eUt3J/t7V6FgNEw9QjvBPdysz9KfQDD41fQrC2Y4vKQdiaUpFT4bXlb1RHhLpp8wtm6M5TgSw==}
    engines: {node: '>=14.17'}
    hasBin: true

  undici-types@7.16.0:
    resolution: {integrity: sha512-Zz+aZWSj8LE6zoxD+xrjh4VfkIG8Ya6LvYkZqtUQGJPZjYl53ypCaUwWqo7eI0x66KBGeRo+mlBEkMSeSZ38Nw==}

  undici@7.19.1:
    resolution: {integrity: sha512-Gpq0iNm5M6cQWlyHQv9MV+uOj1jWk7LpkoE5vSp/7zjb4zMdAcUD+VL5y0nH4p9EbUklq00eVIIX/XcDHzu5xg==}
    engines: {node: '>=20.18.1'}

  uuid@11.1.0:
    resolution: {integrity: sha512-0/A9rDy9P7cJ+8w1c9WD9V//9Wj15Ce2MPz8Ri6032usz+NfePxx5AcN3bN+r6ZL6jEo066/yNYB3tn4pQEx+A==}
    hasBin: true

  valid-url@1.0.9:
    resolution: {integrity: sha512-QQDsV8OnSf5Uc30CKSwG9lnhMPe6exHtTXLRYX8uMwKENy640pU+2BgBL0LRbDh/eYRahNCS7aewCx0wf3NYVA==}

  ws@8.19.0:
    resolution: {integrity: sha512-blAT2mjOEIi0ZzruJfIhb3nps74PRWTCz1IjglWEEpQl5XS/UNama6u2/rjFkDDouqr4L67ry+1aGIALViWjDg==}
    engines: {node: '>=10.0.0'}
    peerDependencies:
      bufferutil: ^4.0.1
      utf-8-validate: '>=5.0.2'
    peerDependenciesMeta:
      bufferutil:
        optional: true
      utf-8-validate:
        optional: true

snapshots:

  '@effect/ai-openai@0.37.2(@effect/ai@0.33.2(@effect/experimental@0.58.0(@effect/platform@0.94.2(effect@3.19.12))(effect@3.19.12))(@effect/platform@0.94.2(effect@3.19.12))(@effect/rpc@0.73.0(@effect/platform@0.94.2(effect@3.19.12))(effect@3.19.12))(effect@3.19.12))(@effect/experimental@0.58.0(@effect/platform@0.94.2(effect@3.19.12))(effect@3.19.12))(@effect/platform@0.94.2(effect@3.19.12))(effect@3.19.12)':
    dependencies:
      '@effect/ai': 0.33.2(@effect/experimental@0.58.0(@effect/platform@0.94.2(effect@3.19.12))(effect@3.19.12))(@effect/platform@0.94.2(effect@3.19.12))(@effect/rpc@0.73.0(@effect/platform@0.94.2(effect@3.19.12))(effect@3.19.12))(effect@3.19.12)
      '@effect/experimental': 0.58.0(@effect/platform@0.94.2(effect@3.19.12))(effect@3.19.12)
      '@effect/platform': 0.94.2(effect@3.19.12)
      effect: 3.19.12
      gpt-tokenizer: 2.9.0

  '@effect/ai@0.33.2(@effect/experimental@0.58.0(@effect/platform@0.94.2(effect@3.19.12))(effect@3.19.12))(@effect/platform@0.94.2(effect@3.19.12))(@effect/rpc@0.73.0(@effect/platform@0.94.2(effect@3.19.12))(effect@3.19.12))(effect@3.19.12)':
    dependencies:
      '@effect/experimental': 0.58.0(@effect/platform@0.94.2(effect@3.19.12))(effect@3.19.12)
      '@effect/platform': 0.94.2(effect@3.19.12)
      '@effect/rpc': 0.73.0(@effect/platform@0.94.2(effect@3.19.12))(effect@3.19.12)
      effect: 3.19.12
      find-my-way-ts: 0.1.6

  '@effect/cluster@0.56.1(@effect/platform@0.94.2(effect@3.19.12))(@effect/rpc@0.73.0(@effect/platform@0.94.2(effect@3.19.12))(effect@3.19.12))(@effect/sql@0.49.0(@effect/experimental@0.58.0(@effect/platform@0.94.2(effect@3.19.12))(effect@3.19.12))(@effect/platform@0.94.2(effect@3.19.12))(effect@3.19.12))(@effect/workflow@0.16.0(@effect/experimental@0.58.0(@effect/platform@0.94.2(effect@3.19.12))(effect@3.19.12))(@effect/platform@0.94.2(effect@3.19.12))(@effect/rpc@0.73.0(@effect/platform@0.94.2(effect@3.19.12))(effect@3.19.12))(effect@3.19.12))(effect@3.19.12)':
    dependencies:
      '@effect/platform': 0.94.2(effect@3.19.12)
      '@effect/rpc': 0.73.0(@effect/platform@0.94.2(effect@3.19.12))(effect@3.19.12)
      '@effect/sql': 0.49.0(@effect/experimental@0.58.0(@effect/platform@0.94.2(effect@3.19.12))(effect@3.19.12))(@effect/platform@0.94.2(effect@3.19.12))(effect@3.19.12)
      '@effect/workflow': 0.16.0(@effect/experimental@0.58.0(@effect/platform@0.94.2(effect@3.19.12))(effect@3.19.12))(@effect/platform@0.94.2(effect@3.19.12))(@effect/rpc@0.73.0(@effect/platform@0.94.2(effect@3.19.12))(effect@3.19.12))(effect@3.19.12)
      effect: 3.19.12
      kubernetes-types: 1.30.0

  '@effect/experimental@0.58.0(@effect/platform@0.94.2(effect@3.19.12))(effect@3.19.12)':
    dependencies:
      '@effect/platform': 0.94.2(effect@3.19.12)
      effect: 3.19.12
      uuid: 11.1.0

  '@effect/opentelemetry@0.61.0(@effect/platform@0.94.2(effect@3.19.12))(@opentelemetry/api@1.9.0)(@opentelemetry/resources@2.5.0(@opentelemetry/api@1.9.0))(@opentelemetry/sdk-logs@0.211.0(@opentelemetry/api@1.9.0))(@opentelemetry/sdk-metrics@2.5.0(@opentelemetry/api@1.9.0))(@opentelemetry/sdk-trace-base@2.5.0(@opentelemetry/api@1.9.0))(@opentelemetry/sdk-trace-node@2.5.0(@opentelemetry/api@1.9.0))(@opentelemetry/sdk-trace-web@2.5.0(@opentelemetry/api@1.9.0))(@opentelemetry/semantic-conventions@1.39.0)(effect@3.19.12)':
    dependencies:
      '@effect/platform': 0.94.2(effect@3.19.12)
      '@opentelemetry/api': 1.9.0
      '@opentelemetry/resources': 2.5.0(@opentelemetry/api@1.9.0)
      '@opentelemetry/sdk-logs': 0.211.0(@opentelemetry/api@1.9.0)
      '@opentelemetry/sdk-metrics': 2.5.0(@opentelemetry/api@1.9.0)
      '@opentelemetry/sdk-trace-base': 2.5.0(@opentelemetry/api@1.9.0)
      '@opentelemetry/sdk-trace-node': 2.5.0(@opentelemetry/api@1.9.0)
      '@opentelemetry/sdk-trace-web': 2.5.0(@opentelemetry/api@1.9.0)
      '@opentelemetry/semantic-conventions': 1.39.0
      effect: 3.19.12

  '@effect/platform-node-shared@0.57.1(@effect/cluster@0.56.1(@effect/platform@0.94.2(effect@3.19.12))(@effect/rpc@0.73.0(@effect/platform@0.94.2(effect@3.19.12))(effect@3.19.12))(@effect/sql@0.49.0(@effect/experimental@0.58.0(@effect/platform@0.94.2(effect@3.19.12))(effect@3.19.12))(@effect/platform@0.94.2(effect@3.19.12))(effect@3.19.12))(@effect/workflow@0.16.0(@effect/experimental@0.58.0(@effect/platform@0.94.2(effect@3.19.12))(effect@3.19.12))(@effect/platform@0.94.2(effect@3.19.12))(@effect/rpc@0.73.0(@effect/platform@0.94.2(effect@3.19.12))(effect@3.19.12))(effect@3.19.12))(effect@3.19.12))(@effect/platform@0.94.2(effect@3.19.12))(@effect/rpc@0.73.0(@effect/platform@0.94.2(effect@3.19.12))(effect@3.19.12))(@effect/sql@0.49.0(@effect/experimental@0.58.0(@effect/platform@0.94.2(effect@3.19.12))(effect@3.19.12))(@effect/platform@0.94.2(effect@3.19.12))(effect@3.19.12))(effect@3.19.12)':
    dependencies:
      '@effect/cluster': 0.56.1(@effect/platform@0.94.2(effect@3.19.12))(@effect/rpc@0.73.0(@effect/platform@0.94.2(effect@3.19.12))(effect@3.19.12))(@effect/sql@0.49.0(@effect/experimental@0.58.0(@effect/platform@0.94.2(effect@3.19.12))(effect@3.19.12))(@effect/platform@0.94.2(effect@3.19.12))(effect@3.19.12))(@effect/workflow@0.16.0(@effect/experimental@0.58.0(@effect/platform@0.94.2(effect@3.19.12))(effect@3.19.12))(@effect/platform@0.94.2(effect@3.19.12))(@effect/rpc@0.73.0(@effect/platform@0.94.2(effect@3.19.12))(effect@3.19.12))(effect@3.19.12))(effect@3.19.12)
      '@effect/platform': 0.94.2(effect@3.19.12)
      '@effect/rpc': 0.73.0(@effect/platform@0.94.2(effect@3.19.12))(effect@3.19.12)
      '@effect/sql': 0.49.0(@effect/experimental@0.58.0(@effect/platform@0.94.2(effect@3.19.12))(effect@3.19.12))(@effect/platform@0.94.2(effect@3.19.12))(effect@3.19.12)
      '@parcel/watcher': 2.5.6
      effect: 3.19.12
      multipasta: 0.2.7
      ws: 8.19.0
    transitivePeerDependencies:
      - bufferutil
      - utf-8-validate

  '@effect/platform-node@0.104.1(@effect/cluster@0.56.1(@effect/platform@0.94.2(effect@3.19.12))(@effect/rpc@0.73.0(@effect/platform@0.94.2(effect@3.19.12))(effect@3.19.12))(@effect/sql@0.49.0(@effect/experimental@0.58.0(@effect/platform@0.94.2(effect@3.19.12))(effect@3.19.12))(@effect/platform@0.94.2(effect@3.19.12))(effect@3.19.12))(@effect/workflow@0.16.0(@effect/experimental@0.58.0(@effect/platform@0.94.2(effect@3.19.12))(effect@3.19.12))(@effect/platform@0.94.2(effect@3.19.12))(@effect/rpc@0.73.0(@effect/platform@0.94.2(effect@3.19.12))(effect@3.19.12))(effect@3.19.12))(effect@3.19.12))(@effect/platform@0.94.2(effect@3.19.12))(@effect/rpc@0.73.0(@effect/platform@0.94.2(effect@3.19.12))(effect@3.19.12))(@effect/sql@0.49.0(@effect/experimental@0.58.0(@effect/platform@0.94.2(effect@3.19.12))(effect@3.19.12))(@effect/platform@0.94.2(effect@3.19.12))(effect@3.19.12))(effect@3.19.12)':
    dependencies:
      '@effect/cluster': 0.56.1(@effect/platform@0.94.2(effect@3.19.12))(@effect/rpc@0.73.0(@effect/platform@0.94.2(effect@3.19.12))(effect@3.19.12))(@effect/sql@0.49.0(@effect/experimental@0.58.0(@effect/platform@0.94.2(effect@3.19.12))(effect@3.19.12))(@effect/platform@0.94.2(effect@3.19.12))(effect@3.19.12))(@effect/workflow@0.16.0(@effect/experimental@0.58.0(@effect/platform@0.94.2(effect@3.19.12))(effect@3.19.12))(@effect/platform@0.94.2(effect@3.19.12))(@effect/rpc@0.73.0(@effect/platform@0.94.2(effect@3.19.12))(effect@3.19.12))(effect@3.19.12))(effect@3.19.12)
      '@effect/platform': 0.94.2(effect@3.19.12)
      '@effect/platform-node-shared': 0.57.1(@effect/cluster@0.56.1(@effect/platform@0.94.2(effect@3.19.12))(@effect/rpc@0.73.0(@effect/platform@0.94.2(effect@3.19.12))(effect@3.19.12))(@effect/sql@0.49.0(@effect/experimental@0.58.0(@effect/platform@0.94.2(effect@3.19.12))(effect@3.19.12))(@effect/platform@0.94.2(effect@3.19.12))(effect@3.19.12))(@effect/workflow@0.16.0(@effect/experimental@0.58.0(@effect/platform@0.94.2(effect@3.19.12))(effect@3.19.12))(@effect/platform@0.94.2(effect@3.19.12))(@effect/rpc@0.73.0(@effect/platform@0.94.2(effect@3.19.12))(effect@3.19.12))(effect@3.19.12))(effect@3.19.12))(@effect/platform@0.94.2(effect@3.19.12))(@effect/rpc@0.73.0(@effect/platform@0.94.2(effect@3.19.12))(effect@3.19.12))(@effect/sql@0.49.0(@effect/experimental@0.58.0(@effect/platform@0.94.2(effect@3.19.12))(effect@3.19.12))(@effect/platform@0.94.2(effect@3.19.12))(effect@3.19.12))(effect@3.19.12)
      '@effect/rpc': 0.73.0(@effect/platform@0.94.2(effect@3.19.12))(effect@3.19.12)
      '@effect/sql': 0.49.0(@effect/experimental@0.58.0(@effect/platform@0.94.2(effect@3.19.12))(effect@3.19.12))(@effect/platform@0.94.2(effect@3.19.12))(effect@3.19.12)
      effect: 3.19.12
      mime: 3.0.0
      undici: 7.19.1
      ws: 8.19.0
    transitivePeerDependencies:
      - bufferutil
      - utf-8-validate

  '@effect/platform@0.94.2(effect@3.19.12)':
    dependencies:
      effect: 3.19.12
      find-my-way-ts: 0.1.6
      msgpackr: 1.11.8
      multipasta: 0.2.7

  '@effect/rpc@0.73.0(@effect/platform@0.94.2(effect@3.19.12))(effect@3.19.12)':
    dependencies:
      '@effect/platform': 0.94.2(effect@3.19.12)
      effect: 3.19.12
      msgpackr: 1.11.8

  '@effect/sql@0.49.0(@effect/experimental@0.58.0(@effect/platform@0.94.2(effect@3.19.12))(effect@3.19.12))(@effect/platform@0.94.2(effect@3.19.12))(effect@3.19.12)':
    dependencies:
      '@effect/experimental': 0.58.0(@effect/platform@0.94.2(effect@3.19.12))(effect@3.19.12)
      '@effect/platform': 0.94.2(effect@3.19.12)
      effect: 3.19.12
      uuid: 11.1.0

  '@effect/workflow@0.16.0(@effect/experimental@0.58.0(@effect/platform@0.94.2(effect@3.19.12))(effect@3.19.12))(@effect/platform@0.94.2(effect@3.19.12))(@effect/rpc@0.73.0(@effect/platform@0.94.2(effect@3.19.12))(effect@3.19.12))(effect@3.19.12)':
    dependencies:
      '@effect/experimental': 0.58.0(@effect/platform@0.94.2(effect@3.19.12))(effect@3.19.12)
      '@effect/platform': 0.94.2(effect@3.19.12)
      '@effect/rpc': 0.73.0(@effect/platform@0.94.2(effect@3.19.12))(effect@3.19.12)
      effect: 3.19.12

  '@esbuild/aix-ppc64@0.27.2':
    optional: true

  '@esbuild/android-arm64@0.27.2':
    optional: true

  '@esbuild/android-arm@0.27.2':
    optional: true

  '@esbuild/android-x64@0.27.2':
    optional: true

  '@esbuild/darwin-arm64@0.27.2':
    optional: true

  '@esbuild/darwin-x64@0.27.2':
    optional: true

  '@esbuild/freebsd-arm64@0.27.2':
    optional: true

  '@esbuild/freebsd-x64@0.27.2':
    optional: true

  '@esbuild/linux-arm64@0.27.2':
    optional: true

  '@esbuild/linux-arm@0.27.2':
    optional: true

  '@esbuild/linux-ia32@0.27.2':
    optional: true

  '@esbuild/linux-loong64@0.27.2':
    optional: true

  '@esbuild/linux-mips64el@0.27.2':
    optional: true

  '@esbuild/linux-ppc64@0.27.2':
    optional: true

  '@esbuild/linux-riscv64@0.27.2':
    optional: true

  '@esbuild/linux-s390x@0.27.2':
    optional: true

  '@esbuild/linux-x64@0.27.2':
    optional: true

  '@esbuild/netbsd-arm64@0.27.2':
    optional: true

  '@esbuild/netbsd-x64@0.27.2':
    optional: true

  '@esbuild/openbsd-arm64@0.27.2':
    optional: true

  '@esbuild/openbsd-x64@0.27.2':
    optional: true

  '@esbuild/openharmony-arm64@0.27.2':
    optional: true

  '@esbuild/sunos-x64@0.27.2':
    optional: true

  '@esbuild/win32-arm64@0.27.2':
    optional: true

  '@esbuild/win32-ia32@0.27.2':
    optional: true

  '@esbuild/win32-x64@0.27.2':
    optional: true

  '@msgpackr-extract/msgpackr-extract-darwin-arm64@3.0.3':
    optional: true

  '@msgpackr-extract/msgpackr-extract-darwin-x64@3.0.3':
    optional: true

  '@msgpackr-extract/msgpackr-extract-linux-arm64@3.0.3':
    optional: true

  '@msgpackr-extract/msgpackr-extract-linux-arm@3.0.3':
    optional: true

  '@msgpackr-extract/msgpackr-extract-linux-x64@3.0.3':
    optional: true

  '@msgpackr-extract/msgpackr-extract-win32-x64@3.0.3':
    optional: true

  '@opentelemetry/api-logs@0.211.0':
    dependencies:
      '@opentelemetry/api': 1.9.0

  '@opentelemetry/api@1.9.0': {}

  '@opentelemetry/context-async-hooks@2.5.0(@opentelemetry/api@1.9.0)':
    dependencies:
      '@opentelemetry/api': 1.9.0

  '@opentelemetry/core@2.5.0(@opentelemetry/api@1.9.0)':
    dependencies:
      '@opentelemetry/api': 1.9.0
      '@opentelemetry/semantic-conventions': 1.39.0

  '@opentelemetry/exporter-trace-otlp-http@0.211.0(@opentelemetry/api@1.9.0)':
    dependencies:
      '@opentelemetry/api': 1.9.0
      '@opentelemetry/core': 2.5.0(@opentelemetry/api@1.9.0)
      '@opentelemetry/otlp-exporter-base': 0.211.0(@opentelemetry/api@1.9.0)
      '@opentelemetry/otlp-transformer': 0.211.0(@opentelemetry/api@1.9.0)
      '@opentelemetry/resources': 2.5.0(@opentelemetry/api@1.9.0)
      '@opentelemetry/sdk-trace-base': 2.5.0(@opentelemetry/api@1.9.0)

  '@opentelemetry/otlp-exporter-base@0.211.0(@opentelemetry/api@1.9.0)':
    dependencies:
      '@opentelemetry/api': 1.9.0
      '@opentelemetry/core': 2.5.0(@opentelemetry/api@1.9.0)
      '@opentelemetry/otlp-transformer': 0.211.0(@opentelemetry/api@1.9.0)

  '@opentelemetry/otlp-transformer@0.211.0(@opentelemetry/api@1.9.0)':
    dependencies:
      '@opentelemetry/api': 1.9.0
      '@opentelemetry/api-logs': 0.211.0
      '@opentelemetry/core': 2.5.0(@opentelemetry/api@1.9.0)
      '@opentelemetry/resources': 2.5.0(@opentelemetry/api@1.9.0)
      '@opentelemetry/sdk-logs': 0.211.0(@opentelemetry/api@1.9.0)
      '@opentelemetry/sdk-metrics': 2.5.0(@opentelemetry/api@1.9.0)
      '@opentelemetry/sdk-trace-base': 2.5.0(@opentelemetry/api@1.9.0)
      protobufjs: 8.0.0

  '@opentelemetry/resources@2.5.0(@opentelemetry/api@1.9.0)':
    dependencies:
      '@opentelemetry/api': 1.9.0
      '@opentelemetry/core': 2.5.0(@opentelemetry/api@1.9.0)
      '@opentelemetry/semantic-conventions': 1.39.0

  '@opentelemetry/sdk-logs@0.211.0(@opentelemetry/api@1.9.0)':
    dependencies:
      '@opentelemetry/api': 1.9.0
      '@opentelemetry/api-logs': 0.211.0
      '@opentelemetry/core': 2.5.0(@opentelemetry/api@1.9.0)
      '@opentelemetry/resources': 2.5.0(@opentelemetry/api@1.9.0)

  '@opentelemetry/sdk-metrics@2.5.0(@opentelemetry/api@1.9.0)':
    dependencies:
      '@opentelemetry/api': 1.9.0
      '@opentelemetry/core': 2.5.0(@opentelemetry/api@1.9.0)
      '@opentelemetry/resources': 2.5.0(@opentelemetry/api@1.9.0)

  '@opentelemetry/sdk-trace-base@2.5.0(@opentelemetry/api@1.9.0)':
    dependencies:
      '@opentelemetry/api': 1.9.0
      '@opentelemetry/core': 2.5.0(@opentelemetry/api@1.9.0)
      '@opentelemetry/resources': 2.5.0(@opentelemetry/api@1.9.0)
      '@opentelemetry/semantic-conventions': 1.39.0

  '@opentelemetry/sdk-trace-node@2.5.0(@opentelemetry/api@1.9.0)':
    dependencies:
      '@opentelemetry/api': 1.9.0
      '@opentelemetry/context-async-hooks': 2.5.0(@opentelemetry/api@1.9.0)
      '@opentelemetry/core': 2.5.0(@opentelemetry/api@1.9.0)
      '@opentelemetry/sdk-trace-base': 2.5.0(@opentelemetry/api@1.9.0)

  '@opentelemetry/sdk-trace-web@2.5.0(@opentelemetry/api@1.9.0)':
    dependencies:
      '@opentelemetry/api': 1.9.0
      '@opentelemetry/core': 2.5.0(@opentelemetry/api@1.9.0)
      '@opentelemetry/sdk-trace-base': 2.5.0(@opentelemetry/api@1.9.0)

  '@opentelemetry/semantic-conventions@1.39.0': {}

  '@parcel/watcher-android-arm64@2.5.6':
    optional: true

  '@parcel/watcher-darwin-arm64@2.5.6':
    optional: true

  '@parcel/watcher-darwin-x64@2.5.6':
    optional: true

  '@parcel/watcher-freebsd-x64@2.5.6':
    optional: true

  '@parcel/watcher-linux-arm-glibc@2.5.6':
    optional: true

  '@parcel/watcher-linux-arm-musl@2.5.6':
    optional: true

  '@parcel/watcher-linux-arm64-glibc@2.5.6':
    optional: true

  '@parcel/watcher-linux-arm64-musl@2.5.6':
    optional: true

  '@parcel/watcher-linux-x64-glibc@2.5.6':
    optional: true

  '@parcel/watcher-linux-x64-musl@2.5.6':
    optional: true

  '@parcel/watcher-win32-arm64@2.5.6':
    optional: true

  '@parcel/watcher-win32-ia32@2.5.6':
    optional: true

  '@parcel/watcher-win32-x64@2.5.6':
    optional: true

  '@parcel/watcher@2.5.6':
    dependencies:
      detect-libc: 2.1.2
      is-glob: 4.0.3
      node-addon-api: 7.1.1
      picomatch: 4.0.3
    optionalDependencies:
      '@parcel/watcher-android-arm64': 2.5.6
      '@parcel/watcher-darwin-arm64': 2.5.6
      '@parcel/watcher-darwin-x64': 2.5.6
      '@parcel/watcher-freebsd-x64': 2.5.6
      '@parcel/watcher-linux-arm-glibc': 2.5.6
      '@parcel/watcher-linux-arm-musl': 2.5.6
      '@parcel/watcher-linux-arm64-glibc': 2.5.6
      '@parcel/watcher-linux-arm64-musl': 2.5.6
      '@parcel/watcher-linux-x64-glibc': 2.5.6
      '@parcel/watcher-linux-x64-musl': 2.5.6
      '@parcel/watcher-win32-arm64': 2.5.6
      '@parcel/watcher-win32-ia32': 2.5.6
      '@parcel/watcher-win32-x64': 2.5.6

  '@protobufjs/aspromise@1.1.2': {}

  '@protobufjs/base64@1.1.2': {}

  '@protobufjs/codegen@2.0.4': {}

  '@protobufjs/eventemitter@1.1.0': {}

  '@protobufjs/fetch@1.1.0':
    dependencies:
      '@protobufjs/aspromise': 1.1.2
      '@protobufjs/inquire': 1.1.0

  '@protobufjs/float@1.0.2': {}

  '@protobufjs/inquire@1.1.0': {}

  '@protobufjs/path@1.1.2': {}

  '@protobufjs/pool@1.1.0': {}

  '@protobufjs/utf8@1.1.0': {}

  '@standard-schema/spec@1.1.0': {}

  '@types/node@25.0.10':
    dependencies:
      undici-types: 7.16.0

  '@types/valid-url@1.0.7': {}

  date-fns@4.1.0: {}

  detect-libc@2.1.2: {}

  effect@3.19.12:
    dependencies:
      '@standard-schema/spec': 1.1.0
      fast-check: 3.23.2

  email-normalizer@1.0.0:
    dependencies:
      typescript: 5.9.3

  esbuild@0.27.2:
    optionalDependencies:
      '@esbuild/aix-ppc64': 0.27.2
      '@esbuild/android-arm': 0.27.2
      '@esbuild/android-arm64': 0.27.2
      '@esbuild/android-x64': 0.27.2
      '@esbuild/darwin-arm64': 0.27.2
      '@esbuild/darwin-x64': 0.27.2
      '@esbuild/freebsd-arm64': 0.27.2
      '@esbuild/freebsd-x64': 0.27.2
      '@esbuild/linux-arm': 0.27.2
      '@esbuild/linux-arm64': 0.27.2
      '@esbuild/linux-ia32': 0.27.2
      '@esbuild/linux-loong64': 0.27.2
      '@esbuild/linux-mips64el': 0.27.2
      '@esbuild/linux-ppc64': 0.27.2
      '@esbuild/linux-riscv64': 0.27.2
      '@esbuild/linux-s390x': 0.27.2
      '@esbuild/linux-x64': 0.27.2
      '@esbuild/netbsd-arm64': 0.27.2
      '@esbuild/netbsd-x64': 0.27.2
      '@esbuild/openbsd-arm64': 0.27.2
      '@esbuild/openbsd-x64': 0.27.2
      '@esbuild/openharmony-arm64': 0.27.2
      '@esbuild/sunos-x64': 0.27.2
      '@esbuild/win32-arm64': 0.27.2
      '@esbuild/win32-ia32': 0.27.2
      '@esbuild/win32-x64': 0.27.2

  fast-check@3.23.2:
    dependencies:
      pure-rand: 6.1.0

  find-my-way-ts@0.1.6: {}

  fsevents@2.3.3:
    optional: true

  get-tsconfig@4.13.0:
    dependencies:
      resolve-pkg-maps: 1.0.0

  gpt-tokenizer@2.9.0: {}

  is-extglob@2.1.1: {}

  is-glob@4.0.3:
    dependencies:
      is-extglob: 2.1.1

  kubernetes-types@1.30.0: {}

  libphonenumber-js@1.12.40: {}

  long@5.3.2: {}

  mime@3.0.0: {}

  msgpackr-extract@3.0.3:
    dependencies:
      node-gyp-build-optional-packages: 5.2.2
    optionalDependencies:
      '@msgpackr-extract/msgpackr-extract-darwin-arm64': 3.0.3
      '@msgpackr-extract/msgpackr-extract-darwin-x64': 3.0.3
      '@msgpackr-extract/msgpackr-extract-linux-arm': 3.0.3
      '@msgpackr-extract/msgpackr-extract-linux-arm64': 3.0.3
      '@msgpackr-extract/msgpackr-extract-linux-x64': 3.0.3
      '@msgpackr-extract/msgpackr-extract-win32-x64': 3.0.3
    optional: true

  msgpackr@1.11.8:
    optionalDependencies:
      msgpackr-extract: 3.0.3

  multipasta@0.2.7: {}

  node-addon-api@7.1.1: {}

  node-gyp-build-optional-packages@5.2.2:
    dependencies:
      detect-libc: 2.1.2
    optional: true

  normalize-url@9.0.0: {}

  openai@6.17.0(ws@8.19.0):
    optionalDependencies:
      ws: 8.19.0

  picomatch@4.0.3: {}

  protobufjs@8.0.0:
    dependencies:
      '@protobufjs/aspromise': 1.1.2
      '@protobufjs/base64': 1.1.2
      '@protobufjs/codegen': 2.0.4
      '@protobufjs/eventemitter': 1.1.0
      '@protobufjs/fetch': 1.1.0
      '@protobufjs/float': 1.0.2
      '@protobufjs/inquire': 1.1.0
      '@protobufjs/path': 1.1.2
      '@protobufjs/pool': 1.1.0
      '@protobufjs/utf8': 1.1.0
      '@types/node': 25.0.10
      long: 5.3.2

  pure-rand@6.1.0: {}

  resolve-pkg-maps@1.0.0: {}

  tsx@4.21.0:
    dependencies:
      esbuild: 0.27.2
      get-tsconfig: 4.13.0
    optionalDependencies:
      fsevents: 2.3.3

  typescript@5.9.3: {}

  undici-types@7.16.0: {}

  undici@7.19.1: {}

  uuid@11.1.0: {}

  valid-url@1.0.9: {}

  ws@8.19.0: {}
