lockfileVersion: '9.0'

settings:
  autoInstallPeers: true
  excludeLinksFromLockfile: false

importers:

  .:
    dependencies:
      '@effect/platform-bun':
        specifier: ^0.69.13
        version: 0.69.13(@effect/cluster@0.38.13(@effect/platform@0.84.9(effect@3.16.5))(@effect/rpc@0.61.12(@effect/platform@0.84.9(effect@3.16.5))(effect@3.16.5))(@effect/sql@0.37.10(@effect/experimental@0.48.10(@effect/platform@0.84.9(effect@3.16.5))(effect@3.16.5))(@effect/platform@0.84.9(effect@3.16.5))(effect@3.16.5))(@effect/workflow@0.1.11(@effect/platform@0.84.9(effect@3.16.5))(@effect/rpc@0.61.12(@effect/platform@0.84.9(effect@3.16.5))(effect@3.16.5))(effect@3.16.5))(effect@3.16.5))(@effect/platform@0.84.9(effect@3.16.5))(@effect/rpc@0.61.12(@effect/platform@0.84.9(effect@3.16.5))(effect@3.16.5))(@effect/sql@0.37.10(@effect/experimental@0.48.10(@effect/platform@0.84.9(effect@3.16.5))(effect@3.16.5))(@effect/platform@0.84.9(effect@3.16.5))(effect@3.16.5))(effect@3.16.5)
      '@effect/platform-node':
        specifier: ^0.85.13
        version: 0.85.13(@effect/cluster@0.38.13(@effect/platform@0.84.9(effect@3.16.5))(@effect/rpc@0.61.12(@effect/platform@0.84.9(effect@3.16.5))(effect@3.16.5))(@effect/sql@0.37.10(@effect/experimental@0.48.10(@effect/platform@0.84.9(effect@3.16.5))(effect@3.16.5))(@effect/platform@0.84.9(effect@3.16.5))(effect@3.16.5))(@effect/workflow@0.1.11(@effect/platform@0.84.9(effect@3.16.5))(@effect/rpc@0.61.12(@effect/platform@0.84.9(effect@3.16.5))(effect@3.16.5))(effect@3.16.5))(effect@3.16.5))(@effect/platform@0.84.9(effect@3.16.5))(@effect/rpc@0.61.12(@effect/platform@0.84.9(effect@3.16.5))(effect@3.16.5))(@effect/sql@0.37.10(@effect/experimental@0.48.10(@effect/platform@0.84.9(effect@3.16.5))(effect@3.16.5))(@effect/platform@0.84.9(effect@3.16.5))(effect@3.16.5))(effect@3.16.5)
      '@t3-oss/env-core':
        specifier: ^0.13.7
        version: 0.13.8(typescript@5.8.3)(zod@3.25.57)
      dfx:
        specifier: ^0.120.1
        version: 0.120.1(@effect/platform@0.84.9(effect@3.16.5))(effect@3.16.5)
      discord.js:
        specifier: ^14.19.3
        version: 14.19.3
      effect:
        specifier: ^3.16.5
        version: 3.16.5
      zod:
        specifier: ^3.25.56
        version: 3.25.57
    devDependencies:
      '@types/bun':
        specifier: latest
        version: 1.2.15
      tsx:
        specifier: ^4.19.4
        version: 4.19.4
      typescript:
        specifier: ^5
        version: 5.8.3

packages:

  '@discordjs/builders@1.11.2':
    resolution: {integrity: sha512-F1WTABdd8/R9D1icJzajC4IuLyyS8f3rTOz66JsSI3pKvpCAtsMBweu8cyNYsIyvcrKAVn9EPK+Psoymq+XC0A==}
    engines: {node: '>=16.11.0'}

  '@discordjs/collection@1.5.3':
    resolution: {integrity: sha512-SVb428OMd3WO1paV3rm6tSjM4wC+Kecaa1EUGX7vc6/fddvw/6lg90z4QtCqm21zvVe92vMMDt9+DkIvjXImQQ==}
    engines: {node: '>=16.11.0'}

  '@discordjs/collection@2.1.1':
    resolution: {integrity: sha512-LiSusze9Tc7qF03sLCujF5iZp7K+vRNEDBZ86FT9aQAv3vxMLihUvKvpsCWiQ2DJq1tVckopKm1rxomgNUc9hg==}
    engines: {node: '>=18'}

  '@discordjs/formatters@0.6.1':
    resolution: {integrity: sha512-5cnX+tASiPCqCWtFcFslxBVUaCetB0thvM/JyavhbXInP1HJIEU+Qv/zMrnuwSsX3yWH2lVXNJZeDK3EiP4HHg==}
    engines: {node: '>=16.11.0'}

  '@discordjs/rest@2.5.0':
    resolution: {integrity: sha512-PWhchxTzpn9EV3vvPRpwS0EE2rNYB9pvzDU/eLLW3mByJl0ZHZjHI2/wA8EbH2gRMQV7nu+0FoDF84oiPl8VAQ==}
    engines: {node: '>=18'}

  '@discordjs/util@1.1.1':
    resolution: {integrity: sha512-eddz6UnOBEB1oITPinyrB2Pttej49M9FZQY8NxgEvc3tq6ZICZ19m70RsmzRdDHk80O9NoYN/25AqJl8vPVf/g==}
    engines: {node: '>=18'}

  '@discordjs/ws@1.2.2':
    resolution: {integrity: sha512-dyfq7yn0wO0IYeYOs3z79I6/HumhmKISzFL0Z+007zQJMtAFGtt3AEoq1nuLXtcunUE5YYYQqgKvybXukAK8/w==}
    engines: {node: '>=16.11.0'}

  '@effect/cluster@0.38.13':
    resolution: {integrity: sha512-uYTr6YWFBfwpRSQVWAkqiLSL8e5bd/2MH/4mn/Spt4C3SCmjKYlpt+9wFIe5Z8UpmdMzkOC+JH7yOEDrraq1tA==}
    peerDependencies:
      '@effect/platform': ^0.84.9
      '@effect/rpc': ^0.61.12
      '@effect/sql': ^0.37.10
      '@effect/workflow': ^0.1.11
      effect: ^3.16.5

  '@effect/experimental@0.48.10':
    resolution: {integrity: sha512-B6XlTdDlh4tDl+kU2+tpKR0xmK38XXXy27+PH8ILhM8m5RB0MJDtshzVLogw3Vzq2NjYsGkrxV/yEcU1HaQoLw==}
    peerDependencies:
      '@effect/platform': ^0.84.9
      effect: ^3.16.5
      ioredis: ^5
      lmdb: ^3
    peerDependenciesMeta:
      ioredis:
        optional: true
      lmdb:
        optional: true

  '@effect/platform-bun@0.69.13':
    resolution: {integrity: sha512-DxAjDN2gGIzIjTJjF7q8ImxbLIBGgruan8mr1kBvXsd1EJTpMtuU3B8tQF0AlKG/8KLolmZQ2OWs4llJpN26Hg==}
    peerDependencies:
      '@effect/cluster': ^0.38.13
      '@effect/platform': ^0.84.9
      '@effect/rpc': ^0.61.12
      '@effect/sql': ^0.37.10
      effect: ^3.16.5

  '@effect/platform-node-shared@0.39.13':
    resolution: {integrity: sha512-j3XKDwmQ4P7lBd0jCUfx3fHflqhrDmBde99z2One0ZS+N2DEZjZzqqmG7K2I5b7t9GeOnngJyE0JgGp7oHYb+g==}
    peerDependencies:
      '@effect/cluster': ^0.38.13
      '@effect/platform': ^0.84.9
      '@effect/rpc': ^0.61.12
      '@effect/sql': ^0.37.10
      effect: ^3.16.5

  '@effect/platform-node@0.85.13':
    resolution: {integrity: sha512-c/R4rUEY+KaLB+0817BzjtAPSnUxFMAogAfdRDqUvtE3htD25/aXIxa0DSUt4a66VAMzbdWAXr7BwV6vPE3weA==}
    peerDependencies:
      '@effect/cluster': ^0.38.13
      '@effect/platform': ^0.84.9
      '@effect/rpc': ^0.61.12
      '@effect/sql': ^0.37.10
      effect: ^3.16.5

  '@effect/platform@0.84.9':
    resolution: {integrity: sha512-I1xX/dpFCyA9DlwD3kungWD0Pu7tnM2pxifUEz0U1N2GSMmdcC4EWIOsjnCaC+hd0WSIsVJVZZjGsDeQeX+r2g==}
    peerDependencies:
      effect: ^3.16.5

  '@effect/rpc@0.61.12':
    resolution: {integrity: sha512-iayrKB3XA//v7/pHqB2MfQ4/7DzhsEECfJlMHt8tYCHb4YlpNVA5XCVGY4xH0t1/Nq5KFTY4RExpMcf6ap8SVA==}
    peerDependencies:
      '@effect/platform': ^0.84.9
      effect: ^3.16.5

  '@effect/sql@0.37.10':
    resolution: {integrity: sha512-tPnGb+JTWvtRYHyYxriMlX3ueC6hCZxAX6UgN40tSZ65pfhKtTfx2tqoEB55HnkWWrO09CbpO/S0q7RTqgFflQ==}
    peerDependencies:
      '@effect/experimental': ^0.48.10
      '@effect/platform': ^0.84.9
      effect: ^3.16.5

  '@effect/workflow@0.1.11':
    resolution: {integrity: sha512-dBPEG6TFbkS16kuOzLO/WQoeEZTk2wbrGlkG2He3891S0KuPNeW8t72fANNJHyjtX5iBZ18lLtLka6fNacd6DQ==}
    peerDependencies:
      '@effect/platform': ^0.84.9
      '@effect/rpc': ^0.61.12
      effect: ^3.16.5

  '@esbuild/aix-ppc64@0.25.5':
    resolution: {integrity: sha512-9o3TMmpmftaCMepOdA5k/yDw8SfInyzWWTjYTFCX3kPSDJMROQTb8jg+h9Cnwnmm1vOzvxN7gIfB5V2ewpjtGA==}
    engines: {node: '>=18'}
    cpu: [ppc64]
    os: [aix]

  '@esbuild/android-arm64@0.25.5':
    resolution: {integrity: sha512-VGzGhj4lJO+TVGV1v8ntCZWJktV7SGCs3Pn1GRWI1SBFtRALoomm8k5E9Pmwg3HOAal2VDc2F9+PM/rEY6oIDg==}
    engines: {node: '>=18'}
    cpu: [arm64]
    os: [android]

  '@esbuild/android-arm@0.25.5':
    resolution: {integrity: sha512-AdJKSPeEHgi7/ZhuIPtcQKr5RQdo6OO2IL87JkianiMYMPbCtot9fxPbrMiBADOWWm3T2si9stAiVsGbTQFkbA==}
    engines: {node: '>=18'}
    cpu: [arm]
    os: [android]

  '@esbuild/android-x64@0.25.5':
    resolution: {integrity: sha512-D2GyJT1kjvO//drbRT3Hib9XPwQeWd9vZoBJn+bu/lVsOZ13cqNdDeqIF/xQ5/VmWvMduP6AmXvylO/PIc2isw==}
    engines: {node: '>=18'}
    cpu: [x64]
    os: [android]

  '@esbuild/darwin-arm64@0.25.5':
    resolution: {integrity: sha512-GtaBgammVvdF7aPIgH2jxMDdivezgFu6iKpmT+48+F8Hhg5J/sfnDieg0aeG/jfSvkYQU2/pceFPDKlqZzwnfQ==}
    engines: {node: '>=18'}
    cpu: [arm64]
    os: [darwin]

  '@esbuild/darwin-x64@0.25.5':
    resolution: {integrity: sha512-1iT4FVL0dJ76/q1wd7XDsXrSW+oLoquptvh4CLR4kITDtqi2e/xwXwdCVH8hVHU43wgJdsq7Gxuzcs6Iq/7bxQ==}
    engines: {node: '>=18'}
    cpu: [x64]
    os: [darwin]

  '@esbuild/freebsd-arm64@0.25.5':
    resolution: {integrity: sha512-nk4tGP3JThz4La38Uy/gzyXtpkPW8zSAmoUhK9xKKXdBCzKODMc2adkB2+8om9BDYugz+uGV7sLmpTYzvmz6Sw==}
    engines: {node: '>=18'}
    cpu: [arm64]
    os: [freebsd]

  '@esbuild/freebsd-x64@0.25.5':
    resolution: {integrity: sha512-PrikaNjiXdR2laW6OIjlbeuCPrPaAl0IwPIaRv+SMV8CiM8i2LqVUHFC1+8eORgWyY7yhQY+2U2fA55mBzReaw==}
    engines: {node: '>=18'}
    cpu: [x64]
    os: [freebsd]

  '@esbuild/linux-arm64@0.25.5':
    resolution: {integrity: sha512-Z9kfb1v6ZlGbWj8EJk9T6czVEjjq2ntSYLY2cw6pAZl4oKtfgQuS4HOq41M/BcoLPzrUbNd+R4BXFyH//nHxVg==}
    engines: {node: '>=18'}
    cpu: [arm64]
    os: [linux]

  '@esbuild/linux-arm@0.25.5':
    resolution: {integrity: sha512-cPzojwW2okgh7ZlRpcBEtsX7WBuqbLrNXqLU89GxWbNt6uIg78ET82qifUy3W6OVww6ZWobWub5oqZOVtwolfw==}
    engines: {node: '>=18'}
    cpu: [arm]
    os: [linux]

  '@esbuild/linux-ia32@0.25.5':
    resolution: {integrity: sha512-sQ7l00M8bSv36GLV95BVAdhJ2QsIbCuCjh/uYrWiMQSUuV+LpXwIqhgJDcvMTj+VsQmqAHL2yYaasENvJ7CDKA==}
    engines: {node: '>=18'}
    cpu: [ia32]
    os: [linux]

  '@esbuild/linux-loong64@0.25.5':
    resolution: {integrity: sha512-0ur7ae16hDUC4OL5iEnDb0tZHDxYmuQyhKhsPBV8f99f6Z9KQM02g33f93rNH5A30agMS46u2HP6qTdEt6Q1kg==}
    engines: {node: '>=18'}
    cpu: [loong64]
    os: [linux]

  '@esbuild/linux-mips64el@0.25.5':
    resolution: {integrity: sha512-kB/66P1OsHO5zLz0i6X0RxlQ+3cu0mkxS3TKFvkb5lin6uwZ/ttOkP3Z8lfR9mJOBk14ZwZ9182SIIWFGNmqmg==}
    engines: {node: '>=18'}
    cpu: [mips64el]
    os: [linux]

  '@esbuild/linux-ppc64@0.25.5':
    resolution: {integrity: sha512-UZCmJ7r9X2fe2D6jBmkLBMQetXPXIsZjQJCjgwpVDz+YMcS6oFR27alkgGv3Oqkv07bxdvw7fyB71/olceJhkQ==}
    engines: {node: '>=18'}
    cpu: [ppc64]
    os: [linux]

  '@esbuild/linux-riscv64@0.25.5':
    resolution: {integrity: sha512-kTxwu4mLyeOlsVIFPfQo+fQJAV9mh24xL+y+Bm6ej067sYANjyEw1dNHmvoqxJUCMnkBdKpvOn0Ahql6+4VyeA==}
    engines: {node: '>=18'}
    cpu: [riscv64]
    os: [linux]

  '@esbuild/linux-s390x@0.25.5':
    resolution: {integrity: sha512-K2dSKTKfmdh78uJ3NcWFiqyRrimfdinS5ErLSn3vluHNeHVnBAFWC8a4X5N+7FgVE1EjXS1QDZbpqZBjfrqMTQ==}
    engines: {node: '>=18'}
    cpu: [s390x]
    os: [linux]

  '@esbuild/linux-x64@0.25.5':
    resolution: {integrity: sha512-uhj8N2obKTE6pSZ+aMUbqq+1nXxNjZIIjCjGLfsWvVpy7gKCOL6rsY1MhRh9zLtUtAI7vpgLMK6DxjO8Qm9lJw==}
    engines: {node: '>=18'}
    cpu: [x64]
    os: [linux]

  '@esbuild/netbsd-arm64@0.25.5':
    resolution: {integrity: sha512-pwHtMP9viAy1oHPvgxtOv+OkduK5ugofNTVDilIzBLpoWAM16r7b/mxBvfpuQDpRQFMfuVr5aLcn4yveGvBZvw==}
    engines: {node: '>=18'}
    cpu: [arm64]
    os: [netbsd]

  '@esbuild/netbsd-x64@0.25.5':
    resolution: {integrity: sha512-WOb5fKrvVTRMfWFNCroYWWklbnXH0Q5rZppjq0vQIdlsQKuw6mdSihwSo4RV/YdQ5UCKKvBy7/0ZZYLBZKIbwQ==}
    engines: {node: '>=18'}
    cpu: [x64]
    os: [netbsd]

  '@esbuild/openbsd-arm64@0.25.5':
    resolution: {integrity: sha512-7A208+uQKgTxHd0G0uqZO8UjK2R0DDb4fDmERtARjSHWxqMTye4Erz4zZafx7Di9Cv+lNHYuncAkiGFySoD+Mw==}
    engines: {node: '>=18'}
    cpu: [arm64]
    os: [openbsd]

  '@esbuild/openbsd-x64@0.25.5':
    resolution: {integrity: sha512-G4hE405ErTWraiZ8UiSoesH8DaCsMm0Cay4fsFWOOUcz8b8rC6uCvnagr+gnioEjWn0wC+o1/TAHt+It+MpIMg==}
    engines: {node: '>=18'}
    cpu: [x64]
    os: [openbsd]

  '@esbuild/sunos-x64@0.25.5':
    resolution: {integrity: sha512-l+azKShMy7FxzY0Rj4RCt5VD/q8mG/e+mDivgspo+yL8zW7qEwctQ6YqKX34DTEleFAvCIUviCFX1SDZRSyMQA==}
    engines: {node: '>=18'}
    cpu: [x64]
    os: [sunos]

  '@esbuild/win32-arm64@0.25.5':
    resolution: {integrity: sha512-O2S7SNZzdcFG7eFKgvwUEZ2VG9D/sn/eIiz8XRZ1Q/DO5a3s76Xv0mdBzVM5j5R639lXQmPmSo0iRpHqUUrsxw==}
    engines: {node: '>=18'}
    cpu: [arm64]
    os: [win32]

  '@esbuild/win32-ia32@0.25.5':
    resolution: {integrity: sha512-onOJ02pqs9h1iMJ1PQphR+VZv8qBMQ77Klcsqv9CNW2w6yLqoURLcgERAIurY6QE63bbLuqgP9ATqajFLK5AMQ==}
    engines: {node: '>=18'}
    cpu: [ia32]
    os: [win32]

  '@esbuild/win32-x64@0.25.5':
    resolution: {integrity: sha512-TXv6YnJ8ZMVdX+SXWVBo/0p8LTcrUYngpWjvm91TMjjBQii7Oz11Lw5lbDV5Y0TzuhSJHwiH4hEtC1I42mMS0g==}
    engines: {node: '>=18'}
    cpu: [x64]
    os: [win32]

  '@msgpackr-extract/msgpackr-extract-darwin-arm64@3.0.3':
    resolution: {integrity: sha512-QZHtlVgbAdy2zAqNA9Gu1UpIuI8Xvsd1v8ic6B2pZmeFnFcMWiPLfWXh7TVw4eGEZ/C9TH281KwhVoeQUKbyjw==}
    cpu: [arm64]
    os: [darwin]

  '@msgpackr-extract/msgpackr-extract-darwin-x64@3.0.3':
    resolution: {integrity: sha512-mdzd3AVzYKuUmiWOQ8GNhl64/IoFGol569zNRdkLReh6LRLHOXxU4U8eq0JwaD8iFHdVGqSy4IjFL4reoWCDFw==}
    cpu: [x64]
    os: [darwin]

  '@msgpackr-extract/msgpackr-extract-linux-arm64@3.0.3':
    resolution: {integrity: sha512-YxQL+ax0XqBJDZiKimS2XQaf+2wDGVa1enVRGzEvLLVFeqa5kx2bWbtcSXgsxjQB7nRqqIGFIcLteF/sHeVtQg==}
    cpu: [arm64]
    os: [linux]

  '@msgpackr-extract/msgpackr-extract-linux-arm@3.0.3':
    resolution: {integrity: sha512-fg0uy/dG/nZEXfYilKoRe7yALaNmHoYeIoJuJ7KJ+YyU2bvY8vPv27f7UKhGRpY6euFYqEVhxCFZgAUNQBM3nw==}
    cpu: [arm]
    os: [linux]

  '@msgpackr-extract/msgpackr-extract-linux-x64@3.0.3':
    resolution: {integrity: sha512-cvwNfbP07pKUfq1uH+S6KJ7dT9K8WOE4ZiAcsrSes+UY55E/0jLYc+vq+DO7jlmqRb5zAggExKm0H7O/CBaesg==}
    cpu: [x64]
    os: [linux]

  '@msgpackr-extract/msgpackr-extract-win32-x64@3.0.3':
    resolution: {integrity: sha512-x0fWaQtYp4E6sktbsdAqnehxDgEc/VwM7uLsRCYWaiGu0ykYdZPiS8zCWdnjHwyiumousxfBm4SO31eXqwEZhQ==}
    cpu: [x64]
    os: [win32]

  '@opentelemetry/semantic-conventions@1.34.0':
    resolution: {integrity: sha512-aKcOkyrorBGlajjRdVoJWHTxfxO1vCNHLJVlSDaRHDIdjU+pX8IYQPvPDkYiujKLbRnWU+1TBwEt0QRgSm4SGA==}
    engines: {node: '>=14'}

  '@parcel/watcher-android-arm64@2.5.1':
    resolution: {integrity: sha512-KF8+j9nNbUN8vzOFDpRMsaKBHZ/mcjEjMToVMJOhTozkDonQFFrRcfdLWn6yWKCmJKmdVxSgHiYvTCef4/qcBA==}
    engines: {node: '>= 10.0.0'}
    cpu: [arm64]
    os: [android]

  '@parcel/watcher-darwin-arm64@2.5.1':
    resolution: {integrity: sha512-eAzPv5osDmZyBhou8PoF4i6RQXAfeKL9tjb3QzYuccXFMQU0ruIc/POh30ePnaOyD1UXdlKguHBmsTs53tVoPw==}
    engines: {node: '>= 10.0.0'}
    cpu: [arm64]
    os: [darwin]

  '@parcel/watcher-darwin-x64@2.5.1':
    resolution: {integrity: sha512-1ZXDthrnNmwv10A0/3AJNZ9JGlzrF82i3gNQcWOzd7nJ8aj+ILyW1MTxVk35Db0u91oD5Nlk9MBiujMlwmeXZg==}
    engines: {node: '>= 10.0.0'}
    cpu: [x64]
    os: [darwin]

  '@parcel/watcher-freebsd-x64@2.5.1':
    resolution: {integrity: sha512-SI4eljM7Flp9yPuKi8W0ird8TI/JK6CSxju3NojVI6BjHsTyK7zxA9urjVjEKJ5MBYC+bLmMcbAWlZ+rFkLpJQ==}
    engines: {node: '>= 10.0.0'}
    cpu: [x64]
    os: [freebsd]

  '@parcel/watcher-linux-arm-glibc@2.5.1':
    resolution: {integrity: sha512-RCdZlEyTs8geyBkkcnPWvtXLY44BCeZKmGYRtSgtwwnHR4dxfHRG3gR99XdMEdQ7KeiDdasJwwvNSF5jKtDwdA==}
    engines: {node: '>= 10.0.0'}
    cpu: [arm]
    os: [linux]

  '@parcel/watcher-linux-arm-musl@2.5.1':
    resolution: {integrity: sha512-6E+m/Mm1t1yhB8X412stiKFG3XykmgdIOqhjWj+VL8oHkKABfu/gjFj8DvLrYVHSBNC+/u5PeNrujiSQ1zwd1Q==}
    engines: {node: '>= 10.0.0'}
    cpu: [arm]
    os: [linux]

  '@parcel/watcher-linux-arm64-glibc@2.5.1':
    resolution: {integrity: sha512-LrGp+f02yU3BN9A+DGuY3v3bmnFUggAITBGriZHUREfNEzZh/GO06FF5u2kx8x+GBEUYfyTGamol4j3m9ANe8w==}
    engines: {node: '>= 10.0.0'}
    cpu: [arm64]
    os: [linux]

  '@parcel/watcher-linux-arm64-musl@2.5.1':
    resolution: {integrity: sha512-cFOjABi92pMYRXS7AcQv9/M1YuKRw8SZniCDw0ssQb/noPkRzA+HBDkwmyOJYp5wXcsTrhxO0zq1U11cK9jsFg==}
    engines: {node: '>= 10.0.0'}
    cpu: [arm64]
    os: [linux]

  '@parcel/watcher-linux-x64-glibc@2.5.1':
    resolution: {integrity: sha512-GcESn8NZySmfwlTsIur+49yDqSny2IhPeZfXunQi48DMugKeZ7uy1FX83pO0X22sHntJ4Ub+9k34XQCX+oHt2A==}
    engines: {node: '>= 10.0.0'}
    cpu: [x64]
    os: [linux]

  '@parcel/watcher-linux-x64-musl@2.5.1':
    resolution: {integrity: sha512-n0E2EQbatQ3bXhcH2D1XIAANAcTZkQICBPVaxMeaCVBtOpBZpWJuf7LwyWPSBDITb7In8mqQgJ7gH8CILCURXg==}
    engines: {node: '>= 10.0.0'}
    cpu: [x64]
    os: [linux]

  '@parcel/watcher-win32-arm64@2.5.1':
    resolution: {integrity: sha512-RFzklRvmc3PkjKjry3hLF9wD7ppR4AKcWNzH7kXR7GUe0Igb3Nz8fyPwtZCSquGrhU5HhUNDr/mKBqj7tqA2Vw==}
    engines: {node: '>= 10.0.0'}
    cpu: [arm64]
    os: [win32]

  '@parcel/watcher-win32-ia32@2.5.1':
    resolution: {integrity: sha512-c2KkcVN+NJmuA7CGlaGD1qJh1cLfDnQsHjE89E60vUEMlqduHGCdCLJCID5geFVM0dOtA3ZiIO8BoEQmzQVfpQ==}
    engines: {node: '>= 10.0.0'}
    cpu: [ia32]
    os: [win32]

  '@parcel/watcher-win32-x64@2.5.1':
    resolution: {integrity: sha512-9lHBdJITeNR++EvSQVUcaZoWupyHfXe1jZvGZ06O/5MflPcuPLtEphScIBL+AiCWBO46tDSHzWyD0uDmmZqsgA==}
    engines: {node: '>= 10.0.0'}
    cpu: [x64]
    os: [win32]

  '@parcel/watcher@2.5.1':
    resolution: {integrity: sha512-dfUnCxiN9H4ap84DvD2ubjw+3vUNpstxa0TneY/Paat8a3R4uQZDLSvWjmznAY/DoahqTHl9V46HF/Zs3F29pg==}
    engines: {node: '>= 10.0.0'}

  '@sapphire/async-queue@1.5.5':
    resolution: {integrity: sha512-cvGzxbba6sav2zZkH8GPf2oGk9yYoD5qrNWdu9fRehifgnFZJMV+nuy2nON2roRO4yQQ+v7MK/Pktl/HgfsUXg==}
    engines: {node: '>=v14.0.0', npm: '>=7.0.0'}

  '@sapphire/shapeshift@4.0.0':
    resolution: {integrity: sha512-d9dUmWVA7MMiKobL3VpLF8P2aeanRTu6ypG2OIaEv/ZHH/SUQ2iHOVyi5wAPjQ+HmnMuL0whK9ez8I/raWbtIg==}
    engines: {node: '>=v16'}

  '@sapphire/snowflake@3.5.3':
    resolution: {integrity: sha512-jjmJywLAFoWeBi1W7994zZyiNWPIiqRRNAmSERxyg93xRGzNYvGjlZ0gR6x0F4gPRi2+0O6S71kOZYyr3cxaIQ==}
    engines: {node: '>=v14.0.0', npm: '>=7.0.0'}

  '@standard-schema/spec@1.0.0':
    resolution: {integrity: sha512-m2bOd0f2RT9k8QJx1JN85cZYyH1RqFBdlwtkSlf4tBDYLCiiZnv1fIIwacK6cqwXavOydf0NPToMQgpKq+dVlA==}

  '@t3-oss/env-core@0.13.8':
    resolution: {integrity: sha512-L1inmpzLQyYu4+Q1DyrXsGJYCXbtXjC4cICw1uAKv0ppYPQv656lhZPU91Qd1VS6SO/bou1/q5ufVzBGbNsUpw==}
    peerDependencies:
      arktype: ^2.1.0
      typescript: '>=5.0.0'
      valibot: ^1.0.0-beta.7 || ^1.0.0
      zod: ^3.24.0 || ^4.0.0-beta.0
    peerDependenciesMeta:
      arktype:
        optional: true
      typescript:
        optional: true
      valibot:
        optional: true
      zod:
        optional: true

  '@types/body-parser@1.19.6':
    resolution: {integrity: sha512-HLFeCYgz89uk22N5Qg3dvGvsv46B8GLvKKo1zKG4NybA8U2DiEO3w9lqGg29t/tfLRJpJ6iQxnVw4OnB7MoM9g==}

  '@types/bun@1.2.15':
    resolution: {integrity: sha512-U1ljPdBEphF0nw1MIk0hI7kPg7dFdPyM7EenHsp6W5loNHl7zqy6JQf/RKCgnUn2KDzUpkBwHPnEJEjII594bA==}

  '@types/connect@3.4.38':
    resolution: {integrity: sha512-K6uROf1LD88uDQqJCktA4yzL1YYAK6NgfsI0v/mTgyPKWsX1CnJ0XPSDhViejru1GcRkLWb8RlzFYJRqGUbaug==}

  '@types/express-serve-static-core@4.19.6':
    resolution: {integrity: sha512-N4LZ2xG7DatVqhCZzOGb1Yi5lMbXSZcmdLDe9EzSndPV2HpWYWzRbaerl2n27irrm94EPpprqa8KpskPT085+A==}

  '@types/express@4.17.23':
    resolution: {integrity: sha512-Crp6WY9aTYP3qPi2wGDo9iUe/rceX01UMhnF1jmwDcKCFM6cx7YhGP/Mpr3y9AASpfHixIG0E6azCcL5OcDHsQ==}

  '@types/http-errors@2.0.5':
    resolution: {integrity: sha512-r8Tayk8HJnX0FztbZN7oVqGccWgw98T/0neJphO91KkmOzug1KkofZURD4UaD5uH8AqcFLfdPErnBod0u71/qg==}

  '@types/mime@1.3.5':
    resolution: {integrity: sha512-/pyBZWSLD2n0dcHE3hq8s8ZvcETHtEuF+3E7XVt0Ig2nvsVQXdghHVcEkIWjy9A0wKfTn97a/PSDYohKIlnP/w==}

  '@types/node@24.0.0':
    resolution: {integrity: sha512-yZQa2zm87aRVcqDyH5+4Hv9KYgSdgwX1rFnGvpbzMaC7YAljmhBET93TPiTd3ObwTL+gSpIzPKg5BqVxdCvxKg==}

  '@types/qs@6.14.0':
    resolution: {integrity: sha512-eOunJqu0K1923aExK6y8p6fsihYEn/BYuQ4g0CxAAgFc4b/ZLN4CrsRZ55srTdqoiLzU2B2evC+apEIxprEzkQ==}

  '@types/range-parser@1.2.7':
    resolution: {integrity: sha512-hKormJbkJqzQGhziax5PItDUTMAM9uE2XXQmM37dyd4hVM+5aVl7oVxMVUiVQn2oCQFN/LKCZdvSM0pFRqbSmQ==}

  '@types/send@0.17.5':
    resolution: {integrity: sha512-z6F2D3cOStZvuk2SaP6YrwkNO65iTZcwA2ZkSABegdkAh/lf+Aa/YQndZVfmEXT5vgAp6zv06VQ3ejSVjAny4w==}

  '@types/serve-static@1.15.8':
    resolution: {integrity: sha512-roei0UY3LhpOJvjbIP6ZZFngyLKl5dskOtDhxY5THRSpO+ZI+nzJ+m5yUMzGrp89YRa7lvknKkMYjqQFGwA7Sg==}

  '@types/ws@8.18.1':
    resolution: {integrity: sha512-ThVF6DCVhA8kUGy+aazFQ4kXQ7E1Ty7A3ypFOe0IcJV8O/M511G99AW24irKrW56Wt44yG9+ij8FaqoBGkuBXg==}

  '@vladfrangu/async_event_emitter@2.4.6':
    resolution: {integrity: sha512-RaI5qZo6D2CVS6sTHFKg1v5Ohq/+Bo2LZ5gzUEwZ/WkHhwtGTCB/sVLw8ijOkAUxasZ+WshN/Rzj4ywsABJ5ZA==}
    engines: {node: '>=v14.0.0', npm: '>=7.0.0'}

  braces@3.0.3:
    resolution: {integrity: sha512-yQbXgO/OSZVD2IsiLlro+7Hf6Q18EJrKSEsdoMzKePKXct3gvD8oLcOQdIzGupr5Fj+EDe8gO/lxc1BzfMpxvA==}
    engines: {node: '>=8'}

  bun-types@1.2.15:
    resolution: {integrity: sha512-NarRIaS+iOaQU1JPfyKhZm4AsUOrwUOqRNHY0XxI8GI8jYxiLXLcdjYMG9UKS+fwWasc1uw1htV9AX24dD+p4w==}

  detect-libc@1.0.3:
    resolution: {integrity: sha512-pGjwhsmsp4kL2RTz08wcOlGN83otlqHeD/Z5T8GXZB+/YcpQ/dgo+lbU8ZsGxV0HIvqqxo9l7mqYwyYMD9bKDg==}
    engines: {node: '>=0.10'}
    hasBin: true

  detect-libc@2.0.4:
    resolution: {integrity: sha512-3UDv+G9CsCKO1WKMGw9fwq/SWJYbI0c5Y7LU1AXYoDdbhE2AHQ6N6Nb34sG8Fj7T5APy8qXDCKuuIHd1BR0tVA==}
    engines: {node: '>=8'}

  dfx@0.120.1:
    resolution: {integrity: sha512-GoICWCJvYQwz81GqAlzE59NZfTjMMnongykkMFVhdGKwgvMVXxHhVuO2+V+v7J7AtIch7FGOAiPgitcxeirQ7g==}
    peerDependencies:
      '@effect/platform': ^0.84
      effect: ^3.16

  discord-api-types@0.38.11:
    resolution: {integrity: sha512-XN0qhcQpetkyb/49hcDHuoeUPsQqOkb17wbV/t48gUkoEDi4ajhsxqugGcxvcN17BBtI9FPPWEgzv6IhQmCwyw==}

  discord-verify@1.2.0:
    resolution: {integrity: sha512-8qlrMROW8DhpzWWzgNq9kpeLDxKanWa4EDVoj/ASVv2nr+dSr4JPmu2tFSydf3hAGI/OIJTnZyD0JulMYIxx4w==}
    engines: {node: '>=16'}

  discord.js@14.19.3:
    resolution: {integrity: sha512-lncTRk0k+8Q5D3nThnODBR8fR8x2fM798o8Vsr40Krx0DjPwpZCuxxTcFMrXMQVOqM1QB9wqWgaXPg3TbmlHqA==}
    engines: {node: '>=18'}

  effect@3.16.5:
    resolution: {integrity: sha512-7nA+ZPMLoHItabNRV95RpMtwVw2k3BDNhILP4ffo8dG7zGR04XGjarP1JbO+jdBbTRET3eGx1Nz+hWB9kSOajw==}

  esbuild@0.25.5:
    resolution: {integrity: sha512-P8OtKZRv/5J5hhz0cUAdu/cLuPIKXpQl1R9pZtvmHWQvrAUVd0UNIPT4IB4W3rNOqVO0rlqHmCIbSwxh/c9yUQ==}
    engines: {node: '>=18'}
    hasBin: true

  fast-check@3.23.2:
    resolution: {integrity: sha512-h5+1OzzfCC3Ef7VbtKdcv7zsstUQwUDlYpUTvjeUsJAssPgLn7QzbboPtL5ro04Mq0rPOsMzl7q5hIbRs2wD1A==}
    engines: {node: '>=8.0.0'}

  fast-deep-equal@3.1.3:
    resolution: {integrity: sha512-f3qQ9oQy9j2AhBe/H9VC91wLmKBCCU/gDOnKNAYG5hswO7BLKj09Hc5HYNz9cGI++xlpDCIgDaitVs03ATR84Q==}

  fill-range@7.1.1:
    resolution: {integrity: sha512-YsGpe3WHLK8ZYi4tWDg2Jy3ebRz2rXowDxnld4bkQB00cc/1Zw9AWnC0i9ztDJitivtQvaI9KaLyKrc+hBW0yg==}
    engines: {node: '>=8'}

  find-my-way-ts@0.1.5:
    resolution: {integrity: sha512-4GOTMrpGQVzsCH2ruUn2vmwzV/02zF4q+ybhCIrw/Rkt3L8KWcycdC6aJMctJzwN4fXD4SD5F/4B9Sksh5rE0A==}

  fsevents@2.3.3:
    resolution: {integrity: sha512-5xoDfX+fL7faATnagmWPpbFtwh/R77WmMMqqHGS65C3vvB0YHrgF+B1YmZ3441tMj5n63k0212XNoJwzlhffQw==}
    engines: {node: ^8.16.0 || ^10.6.0 || >=11.0.0}
    os: [darwin]

  get-tsconfig@4.10.1:
    resolution: {integrity: sha512-auHyJ4AgMz7vgS8Hp3N6HXSmlMdUyhSUrfBF16w153rxtLIEOE+HGqaBppczZvnHLqQJfiHotCYpNhl0lUROFQ==}

  is-extglob@2.1.1:
    resolution: {integrity: sha512-SbKbANkN603Vi4jEZv49LeVJMn4yGwsbzZworEoyEiutsN3nJYdbO36zfhGJ6QEDpOZIFkDtnq5JRxmvl3jsoQ==}
    engines: {node: '>=0.10.0'}

  is-glob@4.0.3:
    resolution: {integrity: sha512-xelSayHH36ZgE7ZWhli7pW34hNbNl8Ojv5KVmkJD4hBdD3th8Tfk9vYasLM+mXWOZhFkgZfxhLSnrwRr4elSSg==}
    engines: {node: '>=0.10.0'}

  is-number@7.0.0:
    resolution: {integrity: sha512-41Cifkg6e8TylSpdtTpeLVMqvSBEVzTttHvERD741+pnZ8ANv0004MRL43QKPDlK9cGvNp6NZWZUBlbGXYxxng==}
    engines: {node: '>=0.12.0'}

  lodash.snakecase@4.1.1:
    resolution: {integrity: sha512-QZ1d4xoBHYUeuouhEq3lk3Uq7ldgyFXGBhg04+oRLnIz8o9T65Eh+8YdroUwn846zchkA9yDsDl5CVVaV2nqYw==}

  lodash@4.17.21:
    resolution: {integrity: sha512-v2kDEe57lecTulaDIuNTPy3Ry4gLGJ6Z1O3vE1krgXZNrsQ+LFTGHVxVjcXPs17LhbZVGedAJv8XZ1tvj5FvSg==}

  magic-bytes.js@1.12.1:
    resolution: {integrity: sha512-ThQLOhN86ZkJ7qemtVRGYM+gRgR8GEXNli9H/PMvpnZsE44Xfh3wx9kGJaldg314v85m+bFW6WBMaVHJc/c3zA==}

  micromatch@4.0.8:
    resolution: {integrity: sha512-PXwfBhYu0hBCPw8Dn0E+WDYb7af3dSLVWKi3HGv84IdF4TyFoC0ysxFd0Goxw7nSv4T/PzEJQxsYsEiFCKo2BA==}
    engines: {node: '>=8.6'}

  mime@3.0.0:
    resolution: {integrity: sha512-jSCU7/VB1loIWBZe14aEYHU/+1UMEHoaO7qxCOVJOw9GgH72VAWppxNcjU+x9a2k3GSIBXNKxXQFqRvvZ7vr3A==}
    engines: {node: '>=10.0.0'}
    hasBin: true

  msgpackr-extract@3.0.3:
    resolution: {integrity: sha512-P0efT1C9jIdVRefqjzOQ9Xml57zpOXnIuS+csaB4MdZbTdmGDLo8XhzBG1N7aO11gKDDkJvBLULeFTo46wwreA==}
    hasBin: true

  msgpackr@1.11.4:
    resolution: {integrity: sha512-uaff7RG9VIC4jacFW9xzL3jc0iM32DNHe4jYVycBcjUePT/Klnfj7pqtWJt9khvDFizmjN2TlYniYmSS2LIaZg==}

  multipasta@0.2.5:
    resolution: {integrity: sha512-c8eMDb1WwZcE02WVjHoOmUVk7fnKU/RmUcosHACglrWAuPQsEJv+E8430sXj6jNc1jHw0zrS16aCjQh4BcEb4A==}

  node-addon-api@7.1.1:
    resolution: {integrity: sha512-5m3bsyrjFWE1xf7nz7YXdN4udnVtXK6/Yfgn5qnahL6bCkf2yKt4k3nuTKAtT4r3IG8JNR2ncsIMdZuAzJjHQQ==}

  node-gyp-build-optional-packages@5.2.2:
    resolution: {integrity: sha512-s+w+rBWnpTMwSFbaE0UXsRlg7hU4FjekKU4eyAih5T8nJuNZT1nNsskXpxmeqSK9UzkBl6UgRlnKc8hz8IEqOw==}
    hasBin: true

  picomatch@2.3.1:
    resolution: {integrity: sha512-JU3teHTNjmE2VCGFzuY8EXzCDVwEqB2a8fsIvwaStHhAWJEeVd1o1QD80CU6+ZdEXXSLbSsuLwJjkCBWqRQUVA==}
    engines: {node: '>=8.6'}

  pure-rand@6.1.0:
    resolution: {integrity: sha512-bVWawvoZoBYpp6yIoQtQXHZjmz35RSVHnUOTefl8Vcjr8snTPY1wnpSPMWekcFwbxI6gtmT7rSYPFvz71ldiOA==}

  resolve-pkg-maps@1.0.0:
    resolution: {integrity: sha512-seS2Tj26TBVOC2NIc2rOe2y2ZO7efxITtLZcGSOnHHNOQ7CkiUBfw0Iw2ck6xkIhPwLhKNLS8BO+hEpngQlqzw==}

  to-regex-range@5.0.1:
    resolution: {integrity: sha512-65P7iz6X5yEr1cwcgvQxbbIw7Uk3gOy5dIdtZ4rDveLqhrdJP+Li/Hx6tyK0NEb+2GCyneCMJiGqrADCSNk8sQ==}
    engines: {node: '>=8.0'}

  ts-mixer@6.0.4:
    resolution: {integrity: sha512-ufKpbmrugz5Aou4wcr5Wc1UUFWOLhq+Fm6qa6P0w0K5Qw2yhaUoiWszhCVuNQyNwrlGiscHOmqYoAox1PtvgjA==}

  tslib@2.8.1:
    resolution: {integrity: sha512-oJFu94HQb+KVduSUQL7wnpmqnfmLsOA/nAh6b6EH0wCEoK0/mPeXU6c3wKDV83MkOuHPRHtSXKKU99IBazS/2w==}

  tsx@4.19.4:
    resolution: {integrity: sha512-gK5GVzDkJK1SI1zwHf32Mqxf2tSJkNx+eYcNly5+nHvWqXUJYUkWBQtKauoESz3ymezAI++ZwT855x5p5eop+Q==}
    engines: {node: '>=18.0.0'}
    hasBin: true

  typescript@5.8.3:
    resolution: {integrity: sha512-p1diW6TqL9L07nNxvRMM7hMMw4c5XOo/1ibL4aAIGmSAt9slTE1Xgw5KWuof2uTOvCg9BY7ZRi+GaF+7sfgPeQ==}
    engines: {node: '>=14.17'}
    hasBin: true

  undici-types@7.8.0:
    resolution: {integrity: sha512-9UJ2xGDvQ43tYyVMpuHlsgApydB8ZKfVYTsLDhXkFL/6gfkp+U8xTGdh8pMJv1SpZna0zxG1DwsKZsreLbXBxw==}

  undici@6.21.1:
    resolution: {integrity: sha512-q/1rj5D0/zayJB2FraXdaWxbhWiNKDvu8naDT2dl1yTlvJp4BLtOcp2a5BvgGNQpYYJzau7tf1WgKv3b+7mqpQ==}
    engines: {node: '>=18.17'}

  undici@7.10.0:
    resolution: {integrity: sha512-u5otvFBOBZvmdjWLVW+5DAc9Nkq8f24g0O9oY7qw2JVIF1VocIFoyz9JFkuVOS2j41AufeO0xnlweJ2RLT8nGw==}
    engines: {node: '>=20.18.1'}

  uuid@11.1.0:
    resolution: {integrity: sha512-0/A9rDy9P7cJ+8w1c9WD9V//9Wj15Ce2MPz8Ri6032usz+NfePxx5AcN3bN+r6ZL6jEo066/yNYB3tn4pQEx+A==}
    hasBin: true

  ws@8.18.2:
    resolution: {integrity: sha512-DMricUmwGZUVr++AEAe2uiVM7UoO9MAVZMDu05UQOaUII0lp+zOzLLU4Xqh/JvTqklB1T4uELaaPBKyjE1r4fQ==}
    engines: {node: '>=10.0.0'}
    peerDependencies:
      bufferutil: ^4.0.1
      utf-8-validate: '>=5.0.2'
    peerDependenciesMeta:
      bufferutil:
        optional: true
      utf-8-validate:
        optional: true

  zod@3.25.57:
    resolution: {integrity: sha512-6tgzLuwVST5oLUxXTmBqoinKMd3JeesgbgseXeFasKKj8Q1FCZrHnbqJOyiEvr4cVAlbug+CgIsmJ8cl/pU5FA==}

snapshots:

  '@discordjs/builders@1.11.2':
    dependencies:
      '@discordjs/formatters': 0.6.1
      '@discordjs/util': 1.1.1
      '@sapphire/shapeshift': 4.0.0
      discord-api-types: 0.38.11
      fast-deep-equal: 3.1.3
      ts-mixer: 6.0.4
      tslib: 2.8.1

  '@discordjs/collection@1.5.3': {}

  '@discordjs/collection@2.1.1': {}

  '@discordjs/formatters@0.6.1':
    dependencies:
      discord-api-types: 0.38.11

  '@discordjs/rest@2.5.0':
    dependencies:
      '@discordjs/collection': 2.1.1
      '@discordjs/util': 1.1.1
      '@sapphire/async-queue': 1.5.5
      '@sapphire/snowflake': 3.5.3
      '@vladfrangu/async_event_emitter': 2.4.6
      discord-api-types: 0.38.11
      magic-bytes.js: 1.12.1
      tslib: 2.8.1
      undici: 6.21.1

  '@discordjs/util@1.1.1': {}

  '@discordjs/ws@1.2.2':
    dependencies:
      '@discordjs/collection': 2.1.1
      '@discordjs/rest': 2.5.0
      '@discordjs/util': 1.1.1
      '@sapphire/async-queue': 1.5.5
      '@types/ws': 8.18.1
      '@vladfrangu/async_event_emitter': 2.4.6
      discord-api-types: 0.38.11
      tslib: 2.8.1
      ws: 8.18.2
    transitivePeerDependencies:
      - bufferutil
      - utf-8-validate

  '@effect/cluster@0.38.13(@effect/platform@0.84.9(effect@3.16.5))(@effect/rpc@0.61.12(@effect/platform@0.84.9(effect@3.16.5))(effect@3.16.5))(@effect/sql@0.37.10(@effect/experimental@0.48.10(@effect/platform@0.84.9(effect@3.16.5))(effect@3.16.5))(@effect/platform@0.84.9(effect@3.16.5))(effect@3.16.5))(@effect/workflow@0.1.11(@effect/platform@0.84.9(effect@3.16.5))(@effect/rpc@0.61.12(@effect/platform@0.84.9(effect@3.16.5))(effect@3.16.5))(effect@3.16.5))(effect@3.16.5)':
    dependencies:
      '@effect/platform': 0.84.9(effect@3.16.5)
      '@effect/rpc': 0.61.12(@effect/platform@0.84.9(effect@3.16.5))(effect@3.16.5)
      '@effect/sql': 0.37.10(@effect/experimental@0.48.10(@effect/platform@0.84.9(effect@3.16.5))(effect@3.16.5))(@effect/platform@0.84.9(effect@3.16.5))(effect@3.16.5)
      '@effect/workflow': 0.1.11(@effect/platform@0.84.9(effect@3.16.5))(@effect/rpc@0.61.12(@effect/platform@0.84.9(effect@3.16.5))(effect@3.16.5))(effect@3.16.5)
      effect: 3.16.5

  '@effect/experimental@0.48.10(@effect/platform@0.84.9(effect@3.16.5))(effect@3.16.5)':
    dependencies:
      '@effect/platform': 0.84.9(effect@3.16.5)
      effect: 3.16.5
      uuid: 11.1.0

  '@effect/platform-bun@0.69.13(@effect/cluster@0.38.13(@effect/platform@0.84.9(effect@3.16.5))(@effect/rpc@0.61.12(@effect/platform@0.84.9(effect@3.16.5))(effect@3.16.5))(@effect/sql@0.37.10(@effect/experimental@0.48.10(@effect/platform@0.84.9(effect@3.16.5))(effect@3.16.5))(@effect/platform@0.84.9(effect@3.16.5))(effect@3.16.5))(@effect/workflow@0.1.11(@effect/platform@0.84.9(effect@3.16.5))(@effect/rpc@0.61.12(@effect/platform@0.84.9(effect@3.16.5))(effect@3.16.5))(effect@3.16.5))(effect@3.16.5))(@effect/platform@0.84.9(effect@3.16.5))(@effect/rpc@0.61.12(@effect/platform@0.84.9(effect@3.16.5))(effect@3.16.5))(@effect/sql@0.37.10(@effect/experimental@0.48.10(@effect/platform@0.84.9(effect@3.16.5))(effect@3.16.5))(@effect/platform@0.84.9(effect@3.16.5))(effect@3.16.5))(effect@3.16.5)':
    dependencies:
      '@effect/cluster': 0.38.13(@effect/platform@0.84.9(effect@3.16.5))(@effect/rpc@0.61.12(@effect/platform@0.84.9(effect@3.16.5))(effect@3.16.5))(@effect/sql@0.37.10(@effect/experimental@0.48.10(@effect/platform@0.84.9(effect@3.16.5))(effect@3.16.5))(@effect/platform@0.84.9(effect@3.16.5))(effect@3.16.5))(@effect/workflow@0.1.11(@effect/platform@0.84.9(effect@3.16.5))(@effect/rpc@0.61.12(@effect/platform@0.84.9(effect@3.16.5))(effect@3.16.5))(effect@3.16.5))(effect@3.16.5)
      '@effect/platform': 0.84.9(effect@3.16.5)
      '@effect/platform-node-shared': 0.39.13(@effect/cluster@0.38.13(@effect/platform@0.84.9(effect@3.16.5))(@effect/rpc@0.61.12(@effect/platform@0.84.9(effect@3.16.5))(effect@3.16.5))(@effect/sql@0.37.10(@effect/experimental@0.48.10(@effect/platform@0.84.9(effect@3.16.5))(effect@3.16.5))(@effect/platform@0.84.9(effect@3.16.5))(effect@3.16.5))(@effect/workflow@0.1.11(@effect/platform@0.84.9(effect@3.16.5))(@effect/rpc@0.61.12(@effect/platform@0.84.9(effect@3.16.5))(effect@3.16.5))(effect@3.16.5))(effect@3.16.5))(@effect/platform@0.84.9(effect@3.16.5))(@effect/rpc@0.61.12(@effect/platform@0.84.9(effect@3.16.5))(effect@3.16.5))(@effect/sql@0.37.10(@effect/experimental@0.48.10(@effect/platform@0.84.9(effect@3.16.5))(effect@3.16.5))(@effect/platform@0.84.9(effect@3.16.5))(effect@3.16.5))(effect@3.16.5)
      '@effect/rpc': 0.61.12(@effect/platform@0.84.9(effect@3.16.5))(effect@3.16.5)
      '@effect/sql': 0.37.10(@effect/experimental@0.48.10(@effect/platform@0.84.9(effect@3.16.5))(effect@3.16.5))(@effect/platform@0.84.9(effect@3.16.5))(effect@3.16.5)
      effect: 3.16.5
      multipasta: 0.2.5
    transitivePeerDependencies:
      - bufferutil
      - utf-8-validate

  '@effect/platform-node-shared@0.39.13(@effect/cluster@0.38.13(@effect/platform@0.84.9(effect@3.16.5))(@effect/rpc@0.61.12(@effect/platform@0.84.9(effect@3.16.5))(effect@3.16.5))(@effect/sql@0.37.10(@effect/experimental@0.48.10(@effect/platform@0.84.9(effect@3.16.5))(effect@3.16.5))(@effect/platform@0.84.9(effect@3.16.5))(effect@3.16.5))(@effect/workflow@0.1.11(@effect/platform@0.84.9(effect@3.16.5))(@effect/rpc@0.61.12(@effect/platform@0.84.9(effect@3.16.5))(effect@3.16.5))(effect@3.16.5))(effect@3.16.5))(@effect/platform@0.84.9(effect@3.16.5))(@effect/rpc@0.61.12(@effect/platform@0.84.9(effect@3.16.5))(effect@3.16.5))(@effect/sql@0.37.10(@effect/experimental@0.48.10(@effect/platform@0.84.9(effect@3.16.5))(effect@3.16.5))(@effect/platform@0.84.9(effect@3.16.5))(effect@3.16.5))(effect@3.16.5)':
    dependencies:
      '@effect/cluster': 0.38.13(@effect/platform@0.84.9(effect@3.16.5))(@effect/rpc@0.61.12(@effect/platform@0.84.9(effect@3.16.5))(effect@3.16.5))(@effect/sql@0.37.10(@effect/experimental@0.48.10(@effect/platform@0.84.9(effect@3.16.5))(effect@3.16.5))(@effect/platform@0.84.9(effect@3.16.5))(effect@3.16.5))(@effect/workflow@0.1.11(@effect/platform@0.84.9(effect@3.16.5))(@effect/rpc@0.61.12(@effect/platform@0.84.9(effect@3.16.5))(effect@3.16.5))(effect@3.16.5))(effect@3.16.5)
      '@effect/platform': 0.84.9(effect@3.16.5)
      '@effect/rpc': 0.61.12(@effect/platform@0.84.9(effect@3.16.5))(effect@3.16.5)
      '@effect/sql': 0.37.10(@effect/experimental@0.48.10(@effect/platform@0.84.9(effect@3.16.5))(effect@3.16.5))(@effect/platform@0.84.9(effect@3.16.5))(effect@3.16.5)
      '@parcel/watcher': 2.5.1
      effect: 3.16.5
      multipasta: 0.2.5
      ws: 8.18.2
    transitivePeerDependencies:
      - bufferutil
      - utf-8-validate

  '@effect/platform-node@0.85.13(@effect/cluster@0.38.13(@effect/platform@0.84.9(effect@3.16.5))(@effect/rpc@0.61.12(@effect/platform@0.84.9(effect@3.16.5))(effect@3.16.5))(@effect/sql@0.37.10(@effect/experimental@0.48.10(@effect/platform@0.84.9(effect@3.16.5))(effect@3.16.5))(@effect/platform@0.84.9(effect@3.16.5))(effect@3.16.5))(@effect/workflow@0.1.11(@effect/platform@0.84.9(effect@3.16.5))(@effect/rpc@0.61.12(@effect/platform@0.84.9(effect@3.16.5))(effect@3.16.5))(effect@3.16.5))(effect@3.16.5))(@effect/platform@0.84.9(effect@3.16.5))(@effect/rpc@0.61.12(@effect/platform@0.84.9(effect@3.16.5))(effect@3.16.5))(@effect/sql@0.37.10(@effect/experimental@0.48.10(@effect/platform@0.84.9(effect@3.16.5))(effect@3.16.5))(@effect/platform@0.84.9(effect@3.16.5))(effect@3.16.5))(effect@3.16.5)':
    dependencies:
      '@effect/cluster': 0.38.13(@effect/platform@0.84.9(effect@3.16.5))(@effect/rpc@0.61.12(@effect/platform@0.84.9(effect@3.16.5))(effect@3.16.5))(@effect/sql@0.37.10(@effect/experimental@0.48.10(@effect/platform@0.84.9(effect@3.16.5))(effect@3.16.5))(@effect/platform@0.84.9(effect@3.16.5))(effect@3.16.5))(@effect/workflow@0.1.11(@effect/platform@0.84.9(effect@3.16.5))(@effect/rpc@0.61.12(@effect/platform@0.84.9(effect@3.16.5))(effect@3.16.5))(effect@3.16.5))(effect@3.16.5)
      '@effect/platform': 0.84.9(effect@3.16.5)
      '@effect/platform-node-shared': 0.39.13(@effect/cluster@0.38.13(@effect/platform@0.84.9(effect@3.16.5))(@effect/rpc@0.61.12(@effect/platform@0.84.9(effect@3.16.5))(effect@3.16.5))(@effect/sql@0.37.10(@effect/experimental@0.48.10(@effect/platform@0.84.9(effect@3.16.5))(effect@3.16.5))(@effect/platform@0.84.9(effect@3.16.5))(effect@3.16.5))(@effect/workflow@0.1.11(@effect/platform@0.84.9(effect@3.16.5))(@effect/rpc@0.61.12(@effect/platform@0.84.9(effect@3.16.5))(effect@3.16.5))(effect@3.16.5))(effect@3.16.5))(@effect/platform@0.84.9(effect@3.16.5))(@effect/rpc@0.61.12(@effect/platform@0.84.9(effect@3.16.5))(effect@3.16.5))(@effect/sql@0.37.10(@effect/experimental@0.48.10(@effect/platform@0.84.9(effect@3.16.5))(effect@3.16.5))(@effect/platform@0.84.9(effect@3.16.5))(effect@3.16.5))(effect@3.16.5)
      '@effect/rpc': 0.61.12(@effect/platform@0.84.9(effect@3.16.5))(effect@3.16.5)
      '@effect/sql': 0.37.10(@effect/experimental@0.48.10(@effect/platform@0.84.9(effect@3.16.5))(effect@3.16.5))(@effect/platform@0.84.9(effect@3.16.5))(effect@3.16.5)
      effect: 3.16.5
      mime: 3.0.0
      undici: 7.10.0
      ws: 8.18.2
    transitivePeerDependencies:
      - bufferutil
      - utf-8-validate

  '@effect/platform@0.84.9(effect@3.16.5)':
    dependencies:
      effect: 3.16.5
      find-my-way-ts: 0.1.5
      msgpackr: 1.11.4
      multipasta: 0.2.5

  '@effect/rpc@0.61.12(@effect/platform@0.84.9(effect@3.16.5))(effect@3.16.5)':
    dependencies:
      '@effect/platform': 0.84.9(effect@3.16.5)
      effect: 3.16.5

  '@effect/sql@0.37.10(@effect/experimental@0.48.10(@effect/platform@0.84.9(effect@3.16.5))(effect@3.16.5))(@effect/platform@0.84.9(effect@3.16.5))(effect@3.16.5)':
    dependencies:
      '@effect/experimental': 0.48.10(@effect/platform@0.84.9(effect@3.16.5))(effect@3.16.5)
      '@effect/platform': 0.84.9(effect@3.16.5)
      '@opentelemetry/semantic-conventions': 1.34.0
      effect: 3.16.5
      uuid: 11.1.0

  '@effect/workflow@0.1.11(@effect/platform@0.84.9(effect@3.16.5))(@effect/rpc@0.61.12(@effect/platform@0.84.9(effect@3.16.5))(effect@3.16.5))(effect@3.16.5)':
    dependencies:
      '@effect/platform': 0.84.9(effect@3.16.5)
      '@effect/rpc': 0.61.12(@effect/platform@0.84.9(effect@3.16.5))(effect@3.16.5)
      effect: 3.16.5

  '@esbuild/aix-ppc64@0.25.5':
    optional: true

  '@esbuild/android-arm64@0.25.5':
    optional: true

  '@esbuild/android-arm@0.25.5':
    optional: true

  '@esbuild/android-x64@0.25.5':
    optional: true

  '@esbuild/darwin-arm64@0.25.5':
    optional: true

  '@esbuild/darwin-x64@0.25.5':
    optional: true

  '@esbuild/freebsd-arm64@0.25.5':
    optional: true

  '@esbuild/freebsd-x64@0.25.5':
    optional: true

  '@esbuild/linux-arm64@0.25.5':
    optional: true

  '@esbuild/linux-arm@0.25.5':
    optional: true

  '@esbuild/linux-ia32@0.25.5':
    optional: true

  '@esbuild/linux-loong64@0.25.5':
    optional: true

  '@esbuild/linux-mips64el@0.25.5':
    optional: true

  '@esbuild/linux-ppc64@0.25.5':
    optional: true

  '@esbuild/linux-riscv64@0.25.5':
    optional: true

  '@esbuild/linux-s390x@0.25.5':
    optional: true

  '@esbuild/linux-x64@0.25.5':
    optional: true

  '@esbuild/netbsd-arm64@0.25.5':
    optional: true

  '@esbuild/netbsd-x64@0.25.5':
    optional: true

  '@esbuild/openbsd-arm64@0.25.5':
    optional: true

  '@esbuild/openbsd-x64@0.25.5':
    optional: true

  '@esbuild/sunos-x64@0.25.5':
    optional: true

  '@esbuild/win32-arm64@0.25.5':
    optional: true

  '@esbuild/win32-ia32@0.25.5':
    optional: true

  '@esbuild/win32-x64@0.25.5':
    optional: true

  '@msgpackr-extract/msgpackr-extract-darwin-arm64@3.0.3':
    optional: true

  '@msgpackr-extract/msgpackr-extract-darwin-x64@3.0.3':
    optional: true

  '@msgpackr-extract/msgpackr-extract-linux-arm64@3.0.3':
    optional: true

  '@msgpackr-extract/msgpackr-extract-linux-arm@3.0.3':
    optional: true

  '@msgpackr-extract/msgpackr-extract-linux-x64@3.0.3':
    optional: true

  '@msgpackr-extract/msgpackr-extract-win32-x64@3.0.3':
    optional: true

  '@opentelemetry/semantic-conventions@1.34.0': {}

  '@parcel/watcher-android-arm64@2.5.1':
    optional: true

  '@parcel/watcher-darwin-arm64@2.5.1':
    optional: true

  '@parcel/watcher-darwin-x64@2.5.1':
    optional: true

  '@parcel/watcher-freebsd-x64@2.5.1':
    optional: true

  '@parcel/watcher-linux-arm-glibc@2.5.1':
    optional: true

  '@parcel/watcher-linux-arm-musl@2.5.1':
    optional: true

  '@parcel/watcher-linux-arm64-glibc@2.5.1':
    optional: true

  '@parcel/watcher-linux-arm64-musl@2.5.1':
    optional: true

  '@parcel/watcher-linux-x64-glibc@2.5.1':
    optional: true

  '@parcel/watcher-linux-x64-musl@2.5.1':
    optional: true

  '@parcel/watcher-win32-arm64@2.5.1':
    optional: true

  '@parcel/watcher-win32-ia32@2.5.1':
    optional: true

  '@parcel/watcher-win32-x64@2.5.1':
    optional: true

  '@parcel/watcher@2.5.1':
    dependencies:
      detect-libc: 1.0.3
      is-glob: 4.0.3
      micromatch: 4.0.8
      node-addon-api: 7.1.1
    optionalDependencies:
      '@parcel/watcher-android-arm64': 2.5.1
      '@parcel/watcher-darwin-arm64': 2.5.1
      '@parcel/watcher-darwin-x64': 2.5.1
      '@parcel/watcher-freebsd-x64': 2.5.1
      '@parcel/watcher-linux-arm-glibc': 2.5.1
      '@parcel/watcher-linux-arm-musl': 2.5.1
      '@parcel/watcher-linux-arm64-glibc': 2.5.1
      '@parcel/watcher-linux-arm64-musl': 2.5.1
      '@parcel/watcher-linux-x64-glibc': 2.5.1
      '@parcel/watcher-linux-x64-musl': 2.5.1
      '@parcel/watcher-win32-arm64': 2.5.1
      '@parcel/watcher-win32-ia32': 2.5.1
      '@parcel/watcher-win32-x64': 2.5.1

  '@sapphire/async-queue@1.5.5': {}

  '@sapphire/shapeshift@4.0.0':
    dependencies:
      fast-deep-equal: 3.1.3
      lodash: 4.17.21

  '@sapphire/snowflake@3.5.3': {}

  '@standard-schema/spec@1.0.0': {}

  '@t3-oss/env-core@0.13.8(typescript@5.8.3)(zod@3.25.57)':
    optionalDependencies:
      typescript: 5.8.3
      zod: 3.25.57

  '@types/body-parser@1.19.6':
    dependencies:
      '@types/connect': 3.4.38
      '@types/node': 24.0.0
    optional: true

  '@types/bun@1.2.15':
    dependencies:
      bun-types: 1.2.15

  '@types/connect@3.4.38':
    dependencies:
      '@types/node': 24.0.0
    optional: true

  '@types/express-serve-static-core@4.19.6':
    dependencies:
      '@types/node': 24.0.0
      '@types/qs': 6.14.0
      '@types/range-parser': 1.2.7
      '@types/send': 0.17.5
    optional: true

  '@types/express@4.17.23':
    dependencies:
      '@types/body-parser': 1.19.6
      '@types/express-serve-static-core': 4.19.6
      '@types/qs': 6.14.0
      '@types/serve-static': 1.15.8
    optional: true

  '@types/http-errors@2.0.5':
    optional: true

  '@types/mime@1.3.5':
    optional: true

  '@types/node@24.0.0':
    dependencies:
      undici-types: 7.8.0

  '@types/qs@6.14.0':
    optional: true

  '@types/range-parser@1.2.7':
    optional: true

  '@types/send@0.17.5':
    dependencies:
      '@types/mime': 1.3.5
      '@types/node': 24.0.0
    optional: true

  '@types/serve-static@1.15.8':
    dependencies:
      '@types/http-errors': 2.0.5
      '@types/node': 24.0.0
      '@types/send': 0.17.5
    optional: true

  '@types/ws@8.18.1':
    dependencies:
      '@types/node': 24.0.0

  '@vladfrangu/async_event_emitter@2.4.6': {}

  braces@3.0.3:
    dependencies:
      fill-range: 7.1.1

  bun-types@1.2.15:
    dependencies:
      '@types/node': 24.0.0

  detect-libc@1.0.3: {}

  detect-libc@2.0.4:
    optional: true

  dfx@0.120.1(@effect/platform@0.84.9(effect@3.16.5))(effect@3.16.5):
    dependencies:
      '@effect/platform': 0.84.9(effect@3.16.5)
      discord-api-types: 0.38.11
      effect: 3.16.5
    optionalDependencies:
      discord-verify: 1.2.0

  discord-api-types@0.38.11: {}

  discord-verify@1.2.0:
    dependencies:
      '@types/express': 4.17.23
    optional: true

  discord.js@14.19.3:
    dependencies:
      '@discordjs/builders': 1.11.2
      '@discordjs/collection': 1.5.3
      '@discordjs/formatters': 0.6.1
      '@discordjs/rest': 2.5.0
      '@discordjs/util': 1.1.1
      '@discordjs/ws': 1.2.2
      '@sapphire/snowflake': 3.5.3
      discord-api-types: 0.38.11
      fast-deep-equal: 3.1.3
      lodash.snakecase: 4.1.1
      magic-bytes.js: 1.12.1
      tslib: 2.8.1
      undici: 6.21.1
    transitivePeerDependencies:
      - bufferutil
      - utf-8-validate

  effect@3.16.5:
    dependencies:
      '@standard-schema/spec': 1.0.0
      fast-check: 3.23.2

  esbuild@0.25.5:
    optionalDependencies:
      '@esbuild/aix-ppc64': 0.25.5
      '@esbuild/android-arm': 0.25.5
      '@esbuild/android-arm64': 0.25.5
      '@esbuild/android-x64': 0.25.5
      '@esbuild/darwin-arm64': 0.25.5
      '@esbuild/darwin-x64': 0.25.5
      '@esbuild/freebsd-arm64': 0.25.5
      '@esbuild/freebsd-x64': 0.25.5
      '@esbuild/linux-arm': 0.25.5
      '@esbuild/linux-arm64': 0.25.5
      '@esbuild/linux-ia32': 0.25.5
      '@esbuild/linux-loong64': 0.25.5
      '@esbuild/linux-mips64el': 0.25.5
      '@esbuild/linux-ppc64': 0.25.5
      '@esbuild/linux-riscv64': 0.25.5
      '@esbuild/linux-s390x': 0.25.5
      '@esbuild/linux-x64': 0.25.5
      '@esbuild/netbsd-arm64': 0.25.5
      '@esbuild/netbsd-x64': 0.25.5
      '@esbuild/openbsd-arm64': 0.25.5
      '@esbuild/openbsd-x64': 0.25.5
      '@esbuild/sunos-x64': 0.25.5
      '@esbuild/win32-arm64': 0.25.5
      '@esbuild/win32-ia32': 0.25.5
      '@esbuild/win32-x64': 0.25.5

  fast-check@3.23.2:
    dependencies:
      pure-rand: 6.1.0

  fast-deep-equal@3.1.3: {}

  fill-range@7.1.1:
    dependencies:
      to-regex-range: 5.0.1

  find-my-way-ts@0.1.5: {}

  fsevents@2.3.3:
    optional: true

  get-tsconfig@4.10.1:
    dependencies:
      resolve-pkg-maps: 1.0.0

  is-extglob@2.1.1: {}

  is-glob@4.0.3:
    dependencies:
      is-extglob: 2.1.1

  is-number@7.0.0: {}

  lodash.snakecase@4.1.1: {}

  lodash@4.17.21: {}

  magic-bytes.js@1.12.1: {}

  micromatch@4.0.8:
    dependencies:
      braces: 3.0.3
      picomatch: 2.3.1

  mime@3.0.0: {}

  msgpackr-extract@3.0.3:
    dependencies:
      node-gyp-build-optional-packages: 5.2.2
    optionalDependencies:
      '@msgpackr-extract/msgpackr-extract-darwin-arm64': 3.0.3
      '@msgpackr-extract/msgpackr-extract-darwin-x64': 3.0.3
      '@msgpackr-extract/msgpackr-extract-linux-arm': 3.0.3
      '@msgpackr-extract/msgpackr-extract-linux-arm64': 3.0.3
      '@msgpackr-extract/msgpackr-extract-linux-x64': 3.0.3
      '@msgpackr-extract/msgpackr-extract-win32-x64': 3.0.3
    optional: true

  msgpackr@1.11.4:
    optionalDependencies:
      msgpackr-extract: 3.0.3

  multipasta@0.2.5: {}

  node-addon-api@7.1.1: {}

  node-gyp-build-optional-packages@5.2.2:
    dependencies:
      detect-libc: 2.0.4
    optional: true

  picomatch@2.3.1: {}

  pure-rand@6.1.0: {}

  resolve-pkg-maps@1.0.0: {}

  to-regex-range@5.0.1:
    dependencies:
      is-number: 7.0.0

  ts-mixer@6.0.4: {}

  tslib@2.8.1: {}

  tsx@4.19.4:
    dependencies:
      esbuild: 0.25.5
      get-tsconfig: 4.10.1
    optionalDependencies:
      fsevents: 2.3.3

  typescript@5.8.3: {}

  undici-types@7.8.0: {}

  undici@6.21.1: {}

  undici@7.10.0: {}

  uuid@11.1.0: {}

  ws@8.18.2: {}

  zod@3.25.57: {}
