lockfileVersion: '9.0'

settings:
  autoInstallPeers: true
  excludeLinksFromLockfile: false

importers:

  .:
    dependencies:
      '@oslojs/encoding':
        specifier: ^1.1.0
        version: 1.1.0
      jose:
        specifier: ^6.0.11
        version: 6.0.11
    devDependencies:
      typescript:
        specifier: ^5.8.3
        version: 5.8.3

packages:

  '@oslojs/encoding@1.1.0':
    resolution: {integrity: sha512-70wQhgYmndg4GCPxPPxPGevRKqTIJ2Nh4OkiMWmDAVYsTQ+Ta7Sq+rPevXyXGdzr30/qZBnyOalCszoMxlyldQ==}

  jose@6.0.11:
    resolution: {integrity: sha512-QxG7EaliDARm1O1S8BGakqncGT9s25bKL1WSf6/oa17Tkqwi8D2ZNglqCF+DsYF88/rV66Q/Q2mFAy697E1DUg==}

  typescript@5.8.3:
    resolution: {integrity: sha512-p1diW6TqL9L07nNxvRMM7hMMw4c5XOo/1ibL4aAIGmSAt9slTE1Xgw5KWuof2uTOvCg9BY7ZRi+GaF+7sfgPeQ==}
    engines: {node: '>=14.17'}
    hasBin: true

snapshots:

  '@oslojs/encoding@1.1.0': {}

  jose@6.0.11: {}

  typescript@5.8.3: {}
